// !$*UTF8*$!
{
	archiveVersion = 1;
	classes = {
	};
	objectVersion = 77;
	objects = {

/* Begin PBXBuildFile section */
		0D0BC2419CC29407E62D151D /* Pods_SaveToInvestTests.framework in Frameworks */ = {isa = PBXBuildFile; fileRef = 0CA8EEFFE8F84952BA342EB7 /* Pods_SaveToInvestTests.framework */; };
		3C1AF3C5EDF088752E79521E /* Pods_SaveToInvest.framework in Frameworks */ = {isa = PBXBuildFile; fileRef = 3383DAC0614525FB71DCF206 /* Pods_SaveToInvest.framework */; };
		67F2074E2B10CE1126D0C6DD /* Pods_SaveToInvest_SaveToInvestUITests.framework in Frameworks */ = {isa = PBXBuildFile; fileRef = C2FAF4FCA95AB5BD3D558587 /* Pods_SaveToInvest_SaveToInvestUITests.framework */; };
		963845642DA097D2009AD024 /* FirebaseAnalytics in Frameworks */ = {isa = PBXBuildFile; productRef = 963845632DA097D2009AD024 /* FirebaseAnalytics */; };
		963845662DA097D2009AD024 /* FirebaseAnalyticsOnDeviceConversion in Frameworks */ = {isa = PBXBuildFile; productRef = 963845652DA097D2009AD024 /* FirebaseAnalyticsOnDeviceConversion */; };
		963845682DA097D2009AD024 /* FirebaseAnalyticsWithoutAdIdSupport in Frameworks */ = {isa = PBXBuildFile; productRef = 963845672DA097D2009AD024 /* FirebaseAnalyticsWithoutAdIdSupport */; };
		9638456A2DA097D2009AD024 /* FirebaseAppCheck in Frameworks */ = {isa = PBXBuildFile; productRef = 963845692DA097D2009AD024 /* FirebaseAppCheck */; };
		9638456C2DA097D2009AD024 /* FirebaseAppDistribution-Beta in Frameworks */ = {isa = PBXBuildFile; productRef = 9638456B2DA097D2009AD024 /* FirebaseAppDistribution-Beta */; };
		9638456E2DA097D2009AD024 /* FirebaseAuth in Frameworks */ = {isa = PBXBuildFile; productRef = 9638456D2DA097D2009AD024 /* FirebaseAuth */; };
		963845702DA097D2009AD024 /* FirebaseAuthCombine-Community in Frameworks */ = {isa = PBXBuildFile; productRef = 9638456F2DA097D2009AD024 /* FirebaseAuthCombine-Community */; };
		963845722DA097D2009AD024 /* FirebaseCore in Frameworks */ = {isa = PBXBuildFile; productRef = 963845712DA097D2009AD024 /* FirebaseCore */; };
		963845742DA097D2009AD024 /* FirebaseCrashlytics in Frameworks */ = {isa = PBXBuildFile; productRef = 963845732DA097D2009AD024 /* FirebaseCrashlytics */; };
		963845762DA097D2009AD024 /* FirebaseDatabase in Frameworks */ = {isa = PBXBuildFile; productRef = 963845752DA097D2009AD024 /* FirebaseDatabase */; };
		963845782DA097D2009AD024 /* FirebaseDynamicLinks in Frameworks */ = {isa = PBXBuildFile; productRef = 963845772DA097D2009AD024 /* FirebaseDynamicLinks */; };
		9638457A2DA097D2009AD024 /* FirebaseFirestore in Frameworks */ = {isa = PBXBuildFile; productRef = 963845792DA097D2009AD024 /* FirebaseFirestore */; };
		9638457C2DA097D2009AD024 /* FirebaseFirestoreCombine-Community in Frameworks */ = {isa = PBXBuildFile; productRef = 9638457B2DA097D2009AD024 /* FirebaseFirestoreCombine-Community */; };
		9638457E2DA097D2009AD024 /* FirebaseFunctions in Frameworks */ = {isa = PBXBuildFile; productRef = 9638457D2DA097D2009AD024 /* FirebaseFunctions */; };
		963845802DA097D2009AD024 /* FirebaseFunctionsCombine-Community in Frameworks */ = {isa = PBXBuildFile; productRef = 9638457F2DA097D2009AD024 /* FirebaseFunctionsCombine-Community */; };
		963845822DA097D2009AD024 /* FirebaseInAppMessaging-Beta in Frameworks */ = {isa = PBXBuildFile; productRef = 963845812DA097D2009AD024 /* FirebaseInAppMessaging-Beta */; };
		963845842DA097D2009AD024 /* FirebaseInstallations in Frameworks */ = {isa = PBXBuildFile; productRef = 963845832DA097D2009AD024 /* FirebaseInstallations */; };
		963845862DA097D2009AD024 /* FirebaseMLModelDownloader in Frameworks */ = {isa = PBXBuildFile; productRef = 963845852DA097D2009AD024 /* FirebaseMLModelDownloader */; };
		963845882DA097D2009AD024 /* FirebaseMessaging in Frameworks */ = {isa = PBXBuildFile; productRef = 963845872DA097D2009AD024 /* FirebaseMessaging */; };
		9638458A2DA097D2009AD024 /* FirebasePerformance in Frameworks */ = {isa = PBXBuildFile; productRef = 963845892DA097D2009AD024 /* FirebasePerformance */; };
		9638458C2DA097D2009AD024 /* FirebaseRemoteConfig in Frameworks */ = {isa = PBXBuildFile; productRef = 9638458B2DA097D2009AD024 /* FirebaseRemoteConfig */; };
		9638458E2DA097D2009AD024 /* FirebaseStorage in Frameworks */ = {isa = PBXBuildFile; productRef = 9638458D2DA097D2009AD024 /* FirebaseStorage */; };
		963845902DA097D2009AD024 /* FirebaseStorageCombine-Community in Frameworks */ = {isa = PBXBuildFile; productRef = 9638458F2DA097D2009AD024 /* FirebaseStorageCombine-Community */; };
		963845922DA097D2009AD024 /* FirebaseVertexAI in Frameworks */ = {isa = PBXBuildFile; productRef = 963845912DA097D2009AD024 /* FirebaseVertexAI */; };
/* End PBXBuildFile section */

/* Begin PBXContainerItemProxy section */
		963843D62DA08A64009AD024 /* PBXContainerItemProxy */ = {
			isa = PBXContainerItemProxy;
			containerPortal = 963843C02DA08A61009AD024 /* Project object */;
			proxyType = 1;
			remoteGlobalIDString = 963843C72DA08A61009AD024;
			remoteInfo = SaveToInvest;
		};
		963843E02DA08A64009AD024 /* PBXContainerItemProxy */ = {
			isa = PBXContainerItemProxy;
			containerPortal = 963843C02DA08A61009AD024 /* Project object */;
			proxyType = 1;
			remoteGlobalIDString = 963843C72DA08A61009AD024;
			remoteInfo = SaveToInvest;
		};
/* End PBXContainerItemProxy section */

/* Begin PBXFileReference section */
		0CA8EEFFE8F84952BA342EB7 /* Pods_SaveToInvestTests.framework */ = {isa = PBXFileReference; explicitFileType = wrapper.framework; includeInIndex = 0; path = Pods_SaveToInvestTests.framework; sourceTree = BUILT_PRODUCTS_DIR; };
		0D8A391D23F6B3B11A5C4B44 /* Pods-SaveToInvest.release.xcconfig */ = {isa = PBXFileReference; includeInIndex = 1; lastKnownFileType = text.xcconfig; name = "Pods-SaveToInvest.release.xcconfig"; path = "Target Support Files/Pods-SaveToInvest/Pods-SaveToInvest.release.xcconfig"; sourceTree = "<group>"; };
		19BAA2540670C47D2958A2C3 /* Pods-SaveToInvestTests.release.xcconfig */ = {isa = PBXFileReference; includeInIndex = 1; lastKnownFileType = text.xcconfig; name = "Pods-SaveToInvestTests.release.xcconfig"; path = "Target Support Files/Pods-SaveToInvestTests/Pods-SaveToInvestTests.release.xcconfig"; sourceTree = "<group>"; };
		3383DAC0614525FB71DCF206 /* Pods_SaveToInvest.framework */ = {isa = PBXFileReference; explicitFileType = wrapper.framework; includeInIndex = 0; path = Pods_SaveToInvest.framework; sourceTree = BUILT_PRODUCTS_DIR; };
		36849B5FC02FED0B980B9278 /* Pods-SaveToInvest-SaveToInvestUITests.release.xcconfig */ = {isa = PBXFileReference; includeInIndex = 1; lastKnownFileType = text.xcconfig; name = "Pods-SaveToInvest-SaveToInvestUITests.release.xcconfig"; path = "Target Support Files/Pods-SaveToInvest-SaveToInvestUITests/Pods-SaveToInvest-SaveToInvestUITests.release.xcconfig"; sourceTree = "<group>"; };
		606C69E84706E7E1EBDA6199 /* Pods-SaveToInvest-SaveToInvestUITests.debug.xcconfig */ = {isa = PBXFileReference; includeInIndex = 1; lastKnownFileType = text.xcconfig; name = "Pods-SaveToInvest-SaveToInvestUITests.debug.xcconfig"; path = "Target Support Files/Pods-SaveToInvest-SaveToInvestUITests/Pods-SaveToInvest-SaveToInvestUITests.debug.xcconfig"; sourceTree = "<group>"; };
		60C8BCD11045AAEDB3E4E47C /* Pods-SaveToInvest.debug.xcconfig */ = {isa = PBXFileReference; includeInIndex = 1; lastKnownFileType = text.xcconfig; name = "Pods-SaveToInvest.debug.xcconfig"; path = "Target Support Files/Pods-SaveToInvest/Pods-SaveToInvest.debug.xcconfig"; sourceTree = "<group>"; };
		963843C82DA08A61009AD024 /* SaveToInvest.app */ = {isa = PBXFileReference; explicitFileType = wrapper.application; includeInIndex = 0; path = SaveToInvest.app; sourceTree = BUILT_PRODUCTS_DIR; };
		963843D52DA08A64009AD024 /* SaveToInvestTests.xctest */ = {isa = PBXFileReference; explicitFileType = wrapper.cfbundle; includeInIndex = 0; path = SaveToInvestTests.xctest; sourceTree = BUILT_PRODUCTS_DIR; };
		963843DF2DA08A64009AD024 /* SaveToInvestUITests.xctest */ = {isa = PBXFileReference; explicitFileType = wrapper.cfbundle; includeInIndex = 0; path = SaveToInvestUITests.xctest; sourceTree = BUILT_PRODUCTS_DIR; };
		C2FAF4FCA95AB5BD3D558587 /* Pods_SaveToInvest_SaveToInvestUITests.framework */ = {isa = PBXFileReference; explicitFileType = wrapper.framework; includeInIndex = 0; path = Pods_SaveToInvest_SaveToInvestUITests.framework; sourceTree = BUILT_PRODUCTS_DIR; };
		DCE8EBC1E73BB1C05BF3E457 /* Pods-SaveToInvestTests.debug.xcconfig */ = {isa = PBXFileReference; includeInIndex = 1; lastKnownFileType = text.xcconfig; name = "Pods-SaveToInvestTests.debug.xcconfig"; path = "Target Support Files/Pods-SaveToInvestTests/Pods-SaveToInvestTests.debug.xcconfig"; sourceTree = "<group>"; };
/* End PBXFileReference section */

/* Begin PBXFileSystemSynchronizedRootGroup section */
		963843CA2DA08A61009AD024 /* SaveToInvest */ = {
			isa = PBXFileSystemSynchronizedRootGroup;
			path = SaveToInvest;
			sourceTree = "<group>";
		};
		963843D82DA08A64009AD024 /* SaveToInvestTests */ = {
			isa = PBXFileSystemSynchronizedRootGroup;
			path = SaveToInvestTests;
			sourceTree = "<group>";
		};
		963843E22DA08A64009AD024 /* SaveToInvestUITests */ = {
			isa = PBXFileSystemSynchronizedRootGroup;
			path = SaveToInvestUITests;
			sourceTree = "<group>";
		};
/* End PBXFileSystemSynchronizedRootGroup section */

/* Begin PBXFrameworksBuildPhase section */
		963843C52DA08A61009AD024 /* Frameworks */ = {
			isa = PBXFrameworksBuildPhase;
			buildActionMask = 2147483647;
			files = (
				963845642DA097D2009AD024 /* FirebaseAnalytics in Frameworks */,
				9638457A2DA097D2009AD024 /* FirebaseFirestore in Frameworks */,
				963845662DA097D2009AD024 /* FirebaseAnalyticsOnDeviceConversion in Frameworks */,
				963845842DA097D2009AD024 /* FirebaseInstallations in Frameworks */,
				3C1AF3C5EDF088752E79521E /* Pods_SaveToInvest.framework in Frameworks */,
				9638456A2DA097D2009AD024 /* FirebaseAppCheck in Frameworks */,
				963845822DA097D2009AD024 /* FirebaseInAppMessaging-Beta in Frameworks */,
				963845682DA097D2009AD024 /* FirebaseAnalyticsWithoutAdIdSupport in Frameworks */,
				9638456E2DA097D2009AD024 /* FirebaseAuth in Frameworks */,
				963845802DA097D2009AD024 /* FirebaseFunctionsCombine-Community in Frameworks */,
				963845902DA097D2009AD024 /* FirebaseStorageCombine-Community in Frameworks */,
				9638456C2DA097D2009AD024 /* FirebaseAppDistribution-Beta in Frameworks */,
				963845922DA097D2009AD024 /* FirebaseVertexAI in Frameworks */,
				9638458E2DA097D2009AD024 /* FirebaseStorage in Frameworks */,
				9638458C2DA097D2009AD024 /* FirebaseRemoteConfig in Frameworks */,
				963845742DA097D2009AD024 /* FirebaseCrashlytics in Frameworks */,
				963845882DA097D2009AD024 /* FirebaseMessaging in Frameworks */,
				963845862DA097D2009AD024 /* FirebaseMLModelDownloader in Frameworks */,
				9638458A2DA097D2009AD024 /* FirebasePerformance in Frameworks */,
				963845762DA097D2009AD024 /* FirebaseDatabase in Frameworks */,
				963845722DA097D2009AD024 /* FirebaseCore in Frameworks */,
				963845702DA097D2009AD024 /* FirebaseAuthCombine-Community in Frameworks */,
				9638457E2DA097D2009AD024 /* FirebaseFunctions in Frameworks */,
				963845782DA097D2009AD024 /* FirebaseDynamicLinks in Frameworks */,
				9638457C2DA097D2009AD024 /* FirebaseFirestoreCombine-Community in Frameworks */,
			);
			runOnlyForDeploymentPostprocessing = 0;
		};
		963843D22DA08A64009AD024 /* Frameworks */ = {
			isa = PBXFrameworksBuildPhase;
			buildActionMask = 2147483647;
			files = (
				0D0BC2419CC29407E62D151D /* Pods_SaveToInvestTests.framework in Frameworks */,
			);
			runOnlyForDeploymentPostprocessing = 0;
		};
		963843DC2DA08A64009AD024 /* Frameworks */ = {
			isa = PBXFrameworksBuildPhase;
			buildActionMask = 2147483647;
			files = (
				67F2074E2B10CE1126D0C6DD /* Pods_SaveToInvest_SaveToInvestUITests.framework in Frameworks */,
			);
			runOnlyForDeploymentPostprocessing = 0;
		};
/* End PBXFrameworksBuildPhase section */

/* Begin PBXGroup section */
		131BF9D08410E2CA70894F22 /* Pods */ = {
			isa = PBXGroup;
			children = (
				60C8BCD11045AAEDB3E4E47C /* Pods-SaveToInvest.debug.xcconfig */,
				0D8A391D23F6B3B11A5C4B44 /* Pods-SaveToInvest.release.xcconfig */,
				606C69E84706E7E1EBDA6199 /* Pods-SaveToInvest-SaveToInvestUITests.debug.xcconfig */,
				36849B5FC02FED0B980B9278 /* Pods-SaveToInvest-SaveToInvestUITests.release.xcconfig */,
				DCE8EBC1E73BB1C05BF3E457 /* Pods-SaveToInvestTests.debug.xcconfig */,
				19BAA2540670C47D2958A2C3 /* Pods-SaveToInvestTests.release.xcconfig */,
			);
			path = Pods;
			sourceTree = "<group>";
		};
		4A995E9EB69FA7A8B745C6E9 /* Frameworks */ = {
			isa = PBXGroup;
			children = (
				3383DAC0614525FB71DCF206 /* Pods_SaveToInvest.framework */,
				C2FAF4FCA95AB5BD3D558587 /* Pods_SaveToInvest_SaveToInvestUITests.framework */,
				0CA8EEFFE8F84952BA342EB7 /* Pods_SaveToInvestTests.framework */,
			);
			name = Frameworks;
			sourceTree = "<group>";
		};
		963843BF2DA08A61009AD024 = {
			isa = PBXGroup;
			children = (
				963843CA2DA08A61009AD024 /* SaveToInvest */,
				963843D82DA08A64009AD024 /* SaveToInvestTests */,
				963843E22DA08A64009AD024 /* SaveToInvestUITests */,
				963843C92DA08A61009AD024 /* Products */,
				131BF9D08410E2CA70894F22 /* Pods */,
				4A995E9EB69FA7A8B745C6E9 /* Frameworks */,
			);
			sourceTree = "<group>";
		};
		963843C92DA08A61009AD024 /* Products */ = {
			isa = PBXGroup;
			children = (
				963843C82DA08A61009AD024 /* SaveToInvest.app */,
				963843D52DA08A64009AD024 /* SaveToInvestTests.xctest */,
				963843DF2DA08A64009AD024 /* SaveToInvestUITests.xctest */,
			);
			name = Products;
			sourceTree = "<group>";
		};
/* End PBXGroup section */

/* Begin PBXNativeTarget section */
		963843C72DA08A61009AD024 /* SaveToInvest */ = {
			isa = PBXNativeTarget;
			buildConfigurationList = 963843E92DA08A64009AD024 /* Build configuration list for PBXNativeTarget "SaveToInvest" */;
			buildPhases = (
				A05ADEAAC159F375E2DB34B2 /* [CP] Check Pods Manifest.lock */,
				963843C42DA08A61009AD024 /* Sources */,
				963843C52DA08A61009AD024 /* Frameworks */,
				963843C62DA08A61009AD024 /* Resources */,
			);
			buildRules = (
			);
			dependencies = (
			);
			fileSystemSynchronizedGroups = (
				963843CA2DA08A61009AD024 /* SaveToInvest */,
			);
			name = SaveToInvest;
			productName = SaveToInvest;
			productReference = 963843C82DA08A61009AD024 /* SaveToInvest.app */;
			productType = "com.apple.product-type.application";
		};
		963843D42DA08A64009AD024 /* SaveToInvestTests */ = {
			isa = PBXNativeTarget;
			buildConfigurationList = 963843EC2DA08A64009AD024 /* Build configuration list for PBXNativeTarget "SaveToInvestTests" */;
			buildPhases = (
				0CD8415CC7F9A6062B61A58E /* [CP] Check Pods Manifest.lock */,
				963843D12DA08A64009AD024 /* Sources */,
				963843D22DA08A64009AD024 /* Frameworks */,
				963843D32DA08A64009AD024 /* Resources */,
			);
			buildRules = (
			);
			dependencies = (
				963843D72DA08A64009AD024 /* PBXTargetDependency */,
			);
			fileSystemSynchronizedGroups = (
				963843D82DA08A64009AD024 /* SaveToInvestTests */,
			);
			name = SaveToInvestTests;
			productName = SaveToInvestTests;
			productReference = 963843D52DA08A64009AD024 /* SaveToInvestTests.xctest */;
			productType = "com.apple.product-type.bundle.unit-test";
		};
		963843DE2DA08A64009AD024 /* SaveToInvestUITests */ = {
			isa = PBXNativeTarget;
			buildConfigurationList = 963843EF2DA08A64009AD024 /* Build configuration list for PBXNativeTarget "SaveToInvestUITests" */;
			buildPhases = (
				530AB6CE1809AD5F588D0F91 /* [CP] Check Pods Manifest.lock */,
				963843DB2DA08A64009AD024 /* Sources */,
				963843DC2DA08A64009AD024 /* Frameworks */,
				963843DD2DA08A64009AD024 /* Resources */,
			);
			buildRules = (
			);
			dependencies = (
				963843E12DA08A64009AD024 /* PBXTargetDependency */,
			);
			fileSystemSynchronizedGroups = (
				963843E22DA08A64009AD024 /* SaveToInvestUITests */,
			);
			name = SaveToInvestUITests;
			productName = SaveToInvestUITests;
			productReference = 963843DF2DA08A64009AD024 /* SaveToInvestUITests.xctest */;
			productType = "com.apple.product-type.bundle.ui-testing";
		};
/* End PBXNativeTarget section */

/* Begin PBXProject section */
		963843C02DA08A61009AD024 /* Project object */ = {
			isa = PBXProject;
			attributes = {
				BuildIndependentTargetsInParallel = 1;
				LastSwiftUpdateCheck = 1630;
				LastUpgradeCheck = 1630;
				TargetAttributes = {
					963843C72DA08A61009AD024 = {
						CreatedOnToolsVersion = 16.3;
					};
					963843D42DA08A64009AD024 = {
						CreatedOnToolsVersion = 16.3;
						TestTargetID = 963843C72DA08A61009AD024;
					};
					963843DE2DA08A64009AD024 = {
						CreatedOnToolsVersion = 16.3;
						TestTargetID = 963843C72DA08A61009AD024;
					};
				};
			};
			buildConfigurationList = 963843C32DA08A61009AD024 /* Build configuration list for PBXProject "SaveToInvest" */;
			developmentRegion = en;
			hasScannedForEncodings = 0;
			knownRegions = (
				en,
				Base,
			);
			mainGroup = 963843BF2DA08A61009AD024;
			minimizedProjectReferenceProxies = 1;
			packageReferences = (
				963845622DA097D2009AD024 /* XCRemoteSwiftPackageReference "firebase-ios-sdk" */,
			);
			preferredProjectObjectVersion = 77;
			productRefGroup = 963843C92DA08A61009AD024 /* Products */;
			projectDirPath = "";
			projectRoot = "";
			targets = (
				963843C72DA08A61009AD024 /* SaveToInvest */,
				963843D42DA08A64009AD024 /* SaveToInvestTests */,
				963843DE2DA08A64009AD024 /* SaveToInvestUITests */,
			);
		};
/* End PBXProject section */

/* Begin PBXResourcesBuildPhase section */
		963843C62DA08A61009AD024 /* Resources */ = {
			isa = PBXResourcesBuildPhase;
			buildActionMask = 2147483647;
			files = (
			);
			runOnlyForDeploymentPostprocessing = 0;
		};
		963843D32DA08A64009AD024 /* Resources */ = {
			isa = PBXResourcesBuildPhase;
			buildActionMask = 2147483647;
			files = (
			);
			runOnlyForDeploymentPostprocessing = 0;
		};
		963843DD2DA08A64009AD024 /* Resources */ = {
			isa = PBXResourcesBuildPhase;
			buildActionMask = 2147483647;
			files = (
			);
			runOnlyForDeploymentPostprocessing = 0;
		};
/* End PBXResourcesBuildPhase section */

/* Begin PBXShellScriptBuildPhase section */
		0CD8415CC7F9A6062B61A58E /* [CP] Check Pods Manifest.lock */ = {
			isa = PBXShellScriptBuildPhase;
			buildActionMask = 2147483647;
			files = (
			);
			inputFileListPaths = (
			);
			inputPaths = (
				"${PODS_PODFILE_DIR_PATH}/Podfile.lock",
				"${PODS_ROOT}/Manifest.lock",
			);
			name = "[CP] Check Pods Manifest.lock";
			outputFileListPaths = (
			);
			outputPaths = (
				"$(DERIVED_FILE_DIR)/Pods-SaveToInvestTests-checkManifestLockResult.txt",
			);
			runOnlyForDeploymentPostprocessing = 0;
			shellPath = /bin/sh;
			shellScript = "diff \"${PODS_PODFILE_DIR_PATH}/Podfile.lock\" \"${PODS_ROOT}/Manifest.lock\" > /dev/null\nif [ $? != 0 ] ; then\n    # print error to STDERR\n    echo \"error: The sandbox is not in sync with the Podfile.lock. Run 'pod install' or update your CocoaPods installation.\" >&2\n    exit 1\nfi\n# This output is used by Xcode 'outputs' to avoid re-running this script phase.\necho \"SUCCESS\" > \"${SCRIPT_OUTPUT_FILE_0}\"\n";
			showEnvVarsInLog = 0;
		};
		530AB6CE1809AD5F588D0F91 /* [CP] Check Pods Manifest.lock */ = {
			isa = PBXShellScriptBuildPhase;
			buildActionMask = 2147483647;
			files = (
			);
			inputFileListPaths = (
			);
			inputPaths = (
				"${PODS_PODFILE_DIR_PATH}/Podfile.lock",
				"${PODS_ROOT}/Manifest.lock",
			);
			name = "[CP] Check Pods Manifest.lock";
			outputFileListPaths = (
			);
			outputPaths = (
				"$(DERIVED_FILE_DIR)/Pods-SaveToInvest-SaveToInvestUITests-checkManifestLockResult.txt",
			);
			runOnlyForDeploymentPostprocessing = 0;
			shellPath = /bin/sh;
			shellScript = "diff \"${PODS_PODFILE_DIR_PATH}/Podfile.lock\" \"${PODS_ROOT}/Manifest.lock\" > /dev/null\nif [ $? != 0 ] ; then\n    # print error to STDERR\n    echo \"error: The sandbox is not in sync with the Podfile.lock. Run 'pod install' or update your CocoaPods installation.\" >&2\n    exit 1\nfi\n# This output is used by Xcode 'outputs' to avoid re-running this script phase.\necho \"SUCCESS\" > \"${SCRIPT_OUTPUT_FILE_0}\"\n";
			showEnvVarsInLog = 0;
		};
		A05ADEAAC159F375E2DB34B2 /* [CP] Check Pods Manifest.lock */ = {
			isa = PBXShellScriptBuildPhase;
			buildActionMask = 2147483647;
			files = (
			);
			inputFileListPaths = (
			);
			inputPaths = (
				"${PODS_PODFILE_DIR_PATH}/Podfile.lock",
				"${PODS_ROOT}/Manifest.lock",
			);
			name = "[CP] Check Pods Manifest.lock";
			outputFileListPaths = (
			);
			outputPaths = (
				"$(DERIVED_FILE_DIR)/Pods-SaveToInvest-checkManifestLockResult.txt",
			);
			runOnlyForDeploymentPostprocessing = 0;
			shellPath = /bin/sh;
			shellScript = "diff \"${PODS_PODFILE_DIR_PATH}/Podfile.lock\" \"${PODS_ROOT}/Manifest.lock\" > /dev/null\nif [ $? != 0 ] ; then\n    # print error to STDERR\n    echo \"error: The sandbox is not in sync with the Podfile.lock. Run 'pod install' or update your CocoaPods installation.\" >&2\n    exit 1\nfi\n# This output is used by Xcode 'outputs' to avoid re-running this script phase.\necho \"SUCCESS\" > \"${SCRIPT_OUTPUT_FILE_0}\"\n";
			showEnvVarsInLog = 0;
		};
/* End PBXShellScriptBuildPhase section */

/* Begin PBXSourcesBuildPhase section */
		963843C42DA08A61009AD024 /* Sources */ = {
			isa = PBXSourcesBuildPhase;
			buildActionMask = 2147483647;
			files = (
			);
			runOnlyForDeploymentPostprocessing = 0;
		};
		963843D12DA08A64009AD024 /* Sources */ = {
			isa = PBXSourcesBuildPhase;
			buildActionMask = 2147483647;
			files = (
			);
			runOnlyForDeploymentPostprocessing = 0;
		};
		963843DB2DA08A64009AD024 /* Sources */ = {
			isa = PBXSourcesBuildPhase;
			buildActionMask = 2147483647;
			files = (
			);
			runOnlyForDeploymentPostprocessing = 0;
		};
/* End PBXSourcesBuildPhase section */

/* Begin PBXTargetDependency section */
		963843D72DA08A64009AD024 /* PBXTargetDependency */ = {
			isa = PBXTargetDependency;
			target = 963843C72DA08A61009AD024 /* SaveToInvest */;
			targetProxy = 963843D62DA08A64009AD024 /* PBXContainerItemProxy */;
		};
		963843E12DA08A64009AD024 /* PBXTargetDependency */ = {
			isa = PBXTargetDependency;
			target = 963843C72DA08A61009AD024 /* SaveToInvest */;
			targetProxy = 963843E02DA08A64009AD024 /* PBXContainerItemProxy */;
		};
/* End PBXTargetDependency section */

/* Begin XCBuildConfiguration section */
		963843E72DA08A64009AD024 /* Debug */ = {
			isa = XCBuildConfiguration;
			buildSettings = {
				ALWAYS_SEARCH_USER_PATHS = NO;
				ASSETCATALOG_COMPILER_ALTERNATE_APPICON_NAMES = "";
				ASSETCATALOG_COMPILER_APPICON_NAME = AppIcon;
				ASSETCATALOG_COMPILER_GENERATE_SWIFT_ASSET_SYMBOL_EXTENSIONS = YES;
				CLANG_ANALYZER_NONNULL = YES;
				CLANG_ANALYZER_NUMBER_OBJECT_CONVERSION = YES_AGGRESSIVE;
				CLANG_CXX_LANGUAGE_STANDARD = "gnu++20";
				CLANG_ENABLE_MODULES = YES;
				CLANG_ENABLE_OBJC_ARC = YES;
				CLANG_ENABLE_OBJC_WEAK = YES;
				CLANG_WARN_BLOCK_CAPTURE_AUTORELEASING = YES;
				CLANG_WARN_BOOL_CONVERSION = YES;
				CLANG_WARN_COMMA = YES;
				CLANG_WARN_CONSTANT_CONVERSION = YES;
				CLANG_WARN_DEPRECATED_OBJC_IMPLEMENTATIONS = YES;
				CLANG_WARN_DIRECT_OBJC_ISA_USAGE = YES_ERROR;
				CLANG_WARN_DOCUMENTATION_COMMENTS = YES;
				CLANG_WARN_EMPTY_BODY = YES;
				CLANG_WARN_ENUM_CONVERSION = YES;
				CLANG_WARN_INFINITE_RECURSION = YES;
				CLANG_WARN_INT_CONVERSION = YES;
				CLANG_WARN_NON_LITERAL_NULL_CONVERSION = YES;
				CLANG_WARN_OBJC_IMPLICIT_RETAIN_SELF = YES;
				CLANG_WARN_OBJC_LITERAL_CONVERSION = YES;
				CLANG_WARN_OBJC_ROOT_CLASS = YES_ERROR;
				CLANG_WARN_QUOTED_INCLUDE_IN_FRAMEWORK_HEADER = YES;
				CLANG_WARN_RANGE_LOOP_ANALYSIS = YES;
				CLANG_WARN_STRICT_PROTOTYPES = YES;
				CLANG_WARN_SUSPICIOUS_MOVE = YES;
				CLANG_WARN_UNGUARDED_AVAILABILITY = YES_AGGRESSIVE;
				CLANG_WARN_UNREACHABLE_CODE = YES;
				CLANG_WARN__DUPLICATE_METHOD_MATCH = YES;
				COPY_PHASE_STRIP = NO;
				DEBUG_INFORMATION_FORMAT = dwarf;
				DEVELOPMENT_TEAM = JQJV4B2959;
				ENABLE_STRICT_OBJC_MSGSEND = YES;
				ENABLE_TESTABILITY = YES;
				ENABLE_USER_SCRIPT_SANDBOXING = YES;
				GCC_C_LANGUAGE_STANDARD = gnu17;
				GCC_DYNAMIC_NO_PIC = NO;
				GCC_NO_COMMON_BLOCKS = YES;
				GCC_OPTIMIZATION_LEVEL = 0;
				GCC_PREPROCESSOR_DEFINITIONS = (
					"DEBUG=1",
					"$(inherited)",
				);
				GCC_WARN_64_TO_32_BIT_CONVERSION = YES;
				GCC_WARN_ABOUT_RETURN_TYPE = YES_ERROR;
				GCC_WARN_UNDECLARED_SELECTOR = YES;
				GCC_WARN_UNINITIALIZED_AUTOS = YES_AGGRESSIVE;
				GCC_WARN_UNUSED_FUNCTION = YES;
				GCC_WARN_UNUSED_VARIABLE = YES;
				IPHONEOS_DEPLOYMENT_TARGET = 18.4;
				LOCALIZATION_PREFERS_STRING_CATALOGS = YES;
				MTL_ENABLE_DEBUG_INFO = INCLUDE_SOURCE;
				MTL_FAST_MATH = YES;
				ONLY_ACTIVE_ARCH = YES;
				SDKROOT = iphoneos;
				SWIFT_ACTIVE_COMPILATION_CONDITIONS = "DEBUG $(inherited)";
				SWIFT_OPTIMIZATION_LEVEL = "-Onone";
			};
			name = Debug;
		};
		963843E82DA08A64009AD024 /* Release */ = {
			isa = XCBuildConfiguration;
			buildSettings = {
				ALWAYS_SEARCH_USER_PATHS = NO;
				ASSETCATALOG_COMPILER_ALTERNATE_APPICON_NAMES = "";
				ASSETCATALOG_COMPILER_APPICON_NAME = AppIcon;
				ASSETCATALOG_COMPILER_GENERATE_SWIFT_ASSET_SYMBOL_EXTENSIONS = YES;
				CLANG_ANALYZER_NONNULL = YES;
				CLANG_ANALYZER_NUMBER_OBJECT_CONVERSION = YES_AGGRESSIVE;
				CLANG_CXX_LANGUAGE_STANDARD = "gnu++20";
				CLANG_ENABLE_MODULES = YES;
				CLANG_ENABLE_OBJC_ARC = YES;
				CLANG_ENABLE_OBJC_WEAK = YES;
				CLANG_WARN_BLOCK_CAPTURE_AUTORELEASING = YES;
				CLANG_WARN_BOOL_CONVERSION = YES;
				CLANG_WARN_COMMA = YES;
				CLANG_WARN_CONSTANT_CONVERSION = YES;
				CLANG_WARN_DEPRECATED_OBJC_IMPLEMENTATIONS = YES;
				CLANG_WARN_DIRECT_OBJC_ISA_USAGE = YES_ERROR;
				CLANG_WARN_DOCUMENTATION_COMMENTS = YES;
				CLANG_WARN_EMPTY_BODY = YES;
				CLANG_WARN_ENUM_CONVERSION = YES;
				CLANG_WARN_INFINITE_RECURSION = YES;
				CLANG_WARN_INT_CONVERSION = YES;
				CLANG_WARN_NON_LITERAL_NULL_CONVERSION = YES;
				CLANG_WARN_OBJC_IMPLICIT_RETAIN_SELF = YES;
				CLANG_WARN_OBJC_LITERAL_CONVERSION = YES;
				CLANG_WARN_OBJC_ROOT_CLASS = YES_ERROR;
				CLANG_WARN_QUOTED_INCLUDE_IN_FRAMEWORK_HEADER = YES;
				CLANG_WARN_RANGE_LOOP_ANALYSIS = YES;
				CLANG_WARN_STRICT_PROTOTYPES = YES;
				CLANG_WARN_SUSPICIOUS_MOVE = YES;
				CLANG_WARN_UNGUARDED_AVAILABILITY = YES_AGGRESSIVE;
				CLANG_WARN_UNREACHABLE_CODE = YES;
				CLANG_WARN__DUPLICATE_METHOD_MATCH = YES;
				COPY_PHASE_STRIP = NO;
				DEBUG_INFORMATION_FORMAT = "dwarf-with-dsym";
				DEVELOPMENT_TEAM = JQJV4B2959;
				ENABLE_NS_ASSERTIONS = NO;
				ENABLE_STRICT_OBJC_MSGSEND = YES;
				ENABLE_USER_SCRIPT_SANDBOXING = YES;
				GCC_C_LANGUAGE_STANDARD = gnu17;
				GCC_NO_COMMON_BLOCKS = YES;
				GCC_WARN_64_TO_32_BIT_CONVERSION = YES;
				GCC_WARN_ABOUT_RETURN_TYPE = YES_ERROR;
				GCC_WARN_UNDECLARED_SELECTOR = YES;
				GCC_WARN_UNINITIALIZED_AUTOS = YES_AGGRESSIVE;
				GCC_WARN_UNUSED_FUNCTION = YES;
				GCC_WARN_UNUSED_VARIABLE = YES;
				IPHONEOS_DEPLOYMENT_TARGET = 18.4;
				LOCALIZATION_PREFERS_STRING_CATALOGS = YES;
				MTL_ENABLE_DEBUG_INFO = NO;
				MTL_FAST_MATH = YES;
				SDKROOT = iphoneos;
				SWIFT_COMPILATION_MODE = wholemodule;
				VALIDATE_PRODUCT = YES;
			};
			name = Release;
		};
		963843EA2DA08A64009AD024 /* Debug */ = {
			isa = XCBuildConfiguration;
			baseConfigurationReference = 60C8BCD11045AAEDB3E4E47C /* Pods-SaveToInvest.debug.xcconfig */;
			buildSettings = {
				ASSETCATALOG_COMPILER_APPICON_NAME = AppIcon;
				ASSETCATALOG_COMPILER_GLOBAL_ACCENT_COLOR_NAME = AccentColor;
				CODE_SIGN_STYLE = Automatic;
				CURRENT_PROJECT_VERSION = 1;
				DEVELOPMENT_TEAM = JQJV4B2959;
				ENABLE_PREVIEWS = YES;
				GENERATE_INFOPLIST_FILE = YES;
				INFOPLIST_KEY_NSDocumentsFolderUsageDescription = "Requires access to your documents to import EXCEL, PDF and CSV files for analysis.";
				INFOPLIST_KEY_UIApplicationSceneManifest_Generation = YES;
				INFOPLIST_KEY_UIApplicationSupportsIndirectInputEvents = YES;
				INFOPLIST_KEY_UILaunchScreen_Generation = YES;
				INFOPLIST_KEY_UISupportedInterfaceOrientations_iPad = "UIInterfaceOrientationPortrait UIInterfaceOrientationPortraitUpsideDown UIInterfaceOrientationLandscapeLeft UIInterfaceOrientationLandscapeRight";
				INFOPLIST_KEY_UISupportedInterfaceOrientations_iPhone = "UIInterfaceOrientationPortrait UIInterfaceOrientationLandscapeLeft UIInterfaceOrientationLandscapeRight";
				IPHONEOS_DEPLOYMENT_TARGET = 16.6;
				LD_RUNPATH_SEARCH_PATHS = (
					"$(inherited)",
					"@executable_path/Frameworks",
				);
				MARKETING_VERSION = 1.0;
				PRODUCT_BUNDLE_IDENTIFIER = KLin.SaveToInvest;
				PRODUCT_NAME = "$(TARGET_NAME)";
				SWIFT_EMIT_LOC_STRINGS = YES;
				SWIFT_VERSION = 5.0;
				TARGETED_DEVICE_FAMILY = "1,2";
			};
			name = Debug;
		};
		963843EB2DA08A64009AD024 /* Release */ = {
			isa = XCBuildConfiguration;
			baseConfigurationReference = 0D8A391D23F6B3B11A5C4B44 /* Pods-SaveToInvest.release.xcconfig */;
			buildSettings = {
				ASSETCATALOG_COMPILER_APPICON_NAME = AppIcon;
				ASSETCATALOG_COMPILER_GLOBAL_ACCENT_COLOR_NAME = AccentColor;
				CODE_SIGN_STYLE = Automatic;
				CURRENT_PROJECT_VERSION = 1;
				DEVELOPMENT_TEAM = JQJV4B2959;
				ENABLE_PREVIEWS = YES;
				GENERATE_INFOPLIST_FILE = YES;
				INFOPLIST_KEY_NSDocumentsFolderUsageDescription = "Requires access to your documents to import EXCEL, PDF and CSV files for analysis.";
				INFOPLIST_KEY_UIApplicationSceneManifest_Generation = YES;
				INFOPLIST_KEY_UIApplicationSupportsIndirectInputEvents = YES;
				INFOPLIST_KEY_UILaunchScreen_Generation = YES;
				INFOPLIST_KEY_UISupportedInterfaceOrientations_iPad = "UIInterfaceOrientationPortrait UIInterfaceOrientationPortraitUpsideDown UIInterfaceOrientationLandscapeLeft UIInterfaceOrientationLandscapeRight";
				INFOPLIST_KEY_UISupportedInterfaceOrientations_iPhone = "UIInterfaceOrientationPortrait UIInterfaceOrientationLandscapeLeft UIInterfaceOrientationLandscapeRight";
				IPHONEOS_DEPLOYMENT_TARGET = 16.6;
				LD_RUNPATH_SEARCH_PATHS = (
					"$(inherited)",
					"@executable_path/Frameworks",
				);
				MARKETING_VERSION = 1.0;
				PRODUCT_BUNDLE_IDENTIFIER = KLin.SaveToInvest;
				PRODUCT_NAME = "$(TARGET_NAME)";
				SWIFT_EMIT_LOC_STRINGS = YES;
				SWIFT_VERSION = 5.0;
				TARGETED_DEVICE_FAMILY = "1,2";
			};
			name = Release;
		};
		963843ED2DA08A64009AD024 /* Debug */ = {
			isa = XCBuildConfiguration;
			baseConfigurationReference = DCE8EBC1E73BB1C05BF3E457 /* Pods-SaveToInvestTests.debug.xcconfig */;
			buildSettings = {
				BUNDLE_LOADER = "$(TEST_HOST)";
				CODE_SIGN_STYLE = Automatic;
				CURRENT_PROJECT_VERSION = 1;
				DEVELOPMENT_TEAM = JQJV4B2959;
				GENERATE_INFOPLIST_FILE = YES;
				IPHONEOS_DEPLOYMENT_TARGET = 18.4;
				MARKETING_VERSION = 1.0;
				PRODUCT_BUNDLE_IDENTIFIER = Lin.SaveToInvestTests;
				PRODUCT_NAME = "$(TARGET_NAME)";
				SWIFT_EMIT_LOC_STRINGS = NO;
				SWIFT_VERSION = 5.0;
				TARGETED_DEVICE_FAMILY = "1,2";
				TEST_HOST = "$(BUILT_PRODUCTS_DIR)/SaveToInvest.app/$(BUNDLE_EXECUTABLE_FOLDER_PATH)/SaveToInvest";
			};
			name = Debug;
		};
		963843EE2DA08A64009AD024 /* Release */ = {
			isa = XCBuildConfiguration;
			baseConfigurationReference = 19BAA2540670C47D2958A2C3 /* Pods-SaveToInvestTests.release.xcconfig */;
			buildSettings = {
				BUNDLE_LOADER = "$(TEST_HOST)";
				CODE_SIGN_STYLE = Automatic;
				CURRENT_PROJECT_VERSION = 1;
				DEVELOPMENT_TEAM = JQJV4B2959;
				GENERATE_INFOPLIST_FILE = YES;
				IPHONEOS_DEPLOYMENT_TARGET = 18.4;
				MARKETING_VERSION = 1.0;
				PRODUCT_BUNDLE_IDENTIFIER = Lin.SaveToInvestTests;
				PRODUCT_NAME = "$(TARGET_NAME)";
				SWIFT_EMIT_LOC_STRINGS = NO;
				SWIFT_VERSION = 5.0;
				TARGETED_DEVICE_FAMILY = "1,2";
				TEST_HOST = "$(BUILT_PRODUCTS_DIR)/SaveToInvest.app/$(BUNDLE_EXECUTABLE_FOLDER_PATH)/SaveToInvest";
			};
			name = Release;
		};
		963843F02DA08A64009AD024 /* Debug */ = {
			isa = XCBuildConfiguration;
			baseConfigurationReference = 606C69E84706E7E1EBDA6199 /* Pods-SaveToInvest-SaveToInvestUITests.debug.xcconfig */;
			buildSettings = {
				CODE_SIGN_STYLE = Automatic;
				CURRENT_PROJECT_VERSION = 1;
				DEVELOPMENT_TEAM = JQJV4B2959;
				GENERATE_INFOPLIST_FILE = YES;
				MARKETING_VERSION = 1.0;
				PRODUCT_BUNDLE_IDENTIFIER = Lin.SaveToInvestUITests;
				PRODUCT_NAME = "$(TARGET_NAME)";
				SWIFT_EMIT_LOC_STRINGS = NO;
				SWIFT_VERSION = 5.0;
				TARGETED_DEVICE_FAMILY = "1,2";
				TEST_TARGET_NAME = SaveToInvest;
			};
			name = Debug;
		};
		963843F12DA08A64009AD024 /* Release */ = {
			isa = XCBuildConfiguration;
			baseConfigurationReference = 36849B5FC02FED0B980B9278 /* Pods-SaveToInvest-SaveToInvestUITests.release.xcconfig */;
			buildSettings = {
				CODE_SIGN_STYLE = Automatic;
				CURRENT_PROJECT_VERSION = 1;
				DEVELOPMENT_TEAM = JQJV4B2959;
				GENERATE_INFOPLIST_FILE = YES;
				MARKETING_VERSION = 1.0;
				PRODUCT_BUNDLE_IDENTIFIER = Lin.SaveToInvestUITests;
				PRODUCT_NAME = "$(TARGET_NAME)";
				SWIFT_EMIT_LOC_STRINGS = NO;
				SWIFT_VERSION = 5.0;
				TARGETED_DEVICE_FAMILY = "1,2";
				TEST_TARGET_NAME = SaveToInvest;
			};
			name = Release;
		};
/* End XCBuildConfiguration section */

/* Begin XCConfigurationList section */
		963843C32DA08A61009AD024 /* Build configuration list for PBXProject "SaveToInvest" */ = {
			isa = XCConfigurationList;
			buildConfigurations = (
				963843E72DA08A64009AD024 /* Debug */,
				963843E82DA08A64009AD024 /* Release */,
			);
			defaultConfigurationIsVisible = 0;
			defaultConfigurationName = Release;
		};
		963843E92DA08A64009AD024 /* Build configuration list for PBXNativeTarget "SaveToInvest" */ = {
			isa = XCConfigurationList;
			buildConfigurations = (
				963843EA2DA08A64009AD024 /* Debug */,
				963843EB2DA08A64009AD024 /* Release */,
			);
			defaultConfigurationIsVisible = 0;
			defaultConfigurationName = Release;
		};
		963843EC2DA08A64009AD024 /* Build configuration list for PBXNativeTarget "SaveToInvestTests" */ = {
			isa = XCConfigurationList;
			buildConfigurations = (
				963843ED2DA08A64009AD024 /* Debug */,
				963843EE2DA08A64009AD024 /* Release */,
			);
			defaultConfigurationIsVisible = 0;
			defaultConfigurationName = Release;
		};
		963843EF2DA08A64009AD024 /* Build configuration list for PBXNativeTarget "SaveToInvestUITests" */ = {
			isa = XCConfigurationList;
			buildConfigurations = (
				963843F02DA08A64009AD024 /* Debug */,
				963843F12DA08A64009AD024 /* Release */,
			);
			defaultConfigurationIsVisible = 0;
			defaultConfigurationName = Release;
		};
/* End XCConfigurationList section */

/* Begin XCRemoteSwiftPackageReference section */
		963845622DA097D2009AD024 /* XCRemoteSwiftPackageReference "firebase-ios-sdk" */ = {
			isa = XCRemoteSwiftPackageReference;
			repositoryURL = "https://github.com/firebase/firebase-ios-sdk";
			requirement = {
				kind = upToNextMajorVersion;
				minimumVersion = 11.11.0;
			};
		};
/* End XCRemoteSwiftPackageReference section */

/* Begin XCSwiftPackageProductDependency section */
		963845632DA097D2009AD024 /* FirebaseAnalytics */ = {
			isa = XCSwiftPackageProductDependency;
			package = 963845622DA097D2009AD024 /* XCRemoteSwiftPackageReference "firebase-ios-sdk" */;
			productName = FirebaseAnalytics;
		};
		963845652DA097D2009AD024 /* FirebaseAnalyticsOnDeviceConversion */ = {
			isa = XCSwiftPackageProductDependency;
			package = 963845622DA097D2009AD024 /* XCRemoteSwiftPackageReference "firebase-ios-sdk" */;
			productName = FirebaseAnalyticsOnDeviceConversion;
		};
		963845672DA097D2009AD024 /* FirebaseAnalyticsWithoutAdIdSupport */ = {
			isa = XCSwiftPackageProductDependency;
			package = 963845622DA097D2009AD024 /* XCRemoteSwiftPackageReference "firebase-ios-sdk" */;
			productName = FirebaseAnalyticsWithoutAdIdSupport;
		};
		963845692DA097D2009AD024 /* FirebaseAppCheck */ = {
			isa = XCSwiftPackageProductDependency;
			package = 963845622DA097D2009AD024 /* XCRemoteSwiftPackageReference "firebase-ios-sdk" */;
			productName = FirebaseAppCheck;
		};
		9638456B2DA097D2009AD024 /* FirebaseAppDistribution-Beta */ = {
			isa = XCSwiftPackageProductDependency;
			package = 963845622DA097D2009AD024 /* XCRemoteSwiftPackageReference "firebase-ios-sdk" */;
			productName = "FirebaseAppDistribution-Beta";
		};
		9638456D2DA097D2009AD024 /* FirebaseAuth */ = {
			isa = XCSwiftPackageProductDependency;
			package = 963845622DA097D2009AD024 /* XCRemoteSwiftPackageReference "firebase-ios-sdk" */;
			productName = FirebaseAuth;
		};
		9638456F2DA097D2009AD024 /* FirebaseAuthCombine-Community */ = {
			isa = XCSwiftPackageProductDependency;
			package = 963845622DA097D2009AD024 /* XCRemoteSwiftPackageReference "firebase-ios-sdk" */;
			productName = "FirebaseAuthCombine-Community";
		};
		963845712DA097D2009AD024 /* FirebaseCore */ = {
			isa = XCSwiftPackageProductDependency;
			package = 963845622DA097D2009AD024 /* XCRemoteSwiftPackageReference "firebase-ios-sdk" */;
			productName = FirebaseCore;
		};
		963845732DA097D2009AD024 /* FirebaseCrashlytics */ = {
			isa = XCSwiftPackageProductDependency;
			package = 963845622DA097D2009AD024 /* XCRemoteSwiftPackageReference "firebase-ios-sdk" */;
			productName = FirebaseCrashlytics;
		};
		963845752DA097D2009AD024 /* FirebaseDatabase */ = {
			isa = XCSwiftPackageProductDependency;
			package = 963845622DA097D2009AD024 /* XCRemoteSwiftPackageReference "firebase-ios-sdk" */;
			productName = FirebaseDatabase;
		};
		963845772DA097D2009AD024 /* FirebaseDynamicLinks */ = {
			isa = XCSwiftPackageProductDependency;
			package = 963845622DA097D2009AD024 /* XCRemoteSwiftPackageReference "firebase-ios-sdk" */;
			productName = FirebaseDynamicLinks;
		};
		963845792DA097D2009AD024 /* FirebaseFirestore */ = {
			isa = XCSwiftPackageProductDependency;
			package = 963845622DA097D2009AD024 /* XCRemoteSwiftPackageReference "firebase-ios-sdk" */;
			productName = FirebaseFirestore;
		};
		9638457B2DA097D2009AD024 /* FirebaseFirestoreCombine-Community */ = {
			isa = XCSwiftPackageProductDependency;
			package = 963845622DA097D2009AD024 /* XCRemoteSwiftPackageReference "firebase-ios-sdk" */;
			productName = "FirebaseFirestoreCombine-Community";
		};
		9638457D2DA097D2009AD024 /* FirebaseFunctions */ = {
			isa = XCSwiftPackageProductDependency;
			package = 963845622DA097D2009AD024 /* XCRemoteSwiftPackageReference "firebase-ios-sdk" */;
			productName = FirebaseFunctions;
		};
		9638457F2DA097D2009AD024 /* FirebaseFunctionsCombine-Community */ = {
			isa = XCSwiftPackageProductDependency;
			package = 963845622DA097D2009AD024 /* XCRemoteSwiftPackageReference "firebase-ios-sdk" */;
			productName = "FirebaseFunctionsCombine-Community";
		};
		963845812DA097D2009AD024 /* FirebaseInAppMessaging-Beta */ = {
			isa = XCSwiftPackageProductDependency;
			package = 963845622DA097D2009AD024 /* XCRemoteSwiftPackageReference "firebase-ios-sdk" */;
			productName = "FirebaseInAppMessaging-Beta";
		};
		963845832DA097D2009AD024 /* FirebaseInstallations */ = {
			isa = XCSwiftPackageProductDependency;
			package = 963845622DA097D2009AD024 /* XCRemoteSwiftPackageReference "firebase-ios-sdk" */;
			productName = FirebaseInstallations;
		};
		963845852DA097D2009AD024 /* FirebaseMLModelDownloader */ = {
			isa = XCSwiftPackageProductDependency;
			package = 963845622DA097D2009AD024 /* XCRemoteSwiftPackageReference "firebase-ios-sdk" */;
			productName = FirebaseMLModelDownloader;
		};
		963845872DA097D2009AD024 /* FirebaseMessaging */ = {
			isa = XCSwiftPackageProductDependency;
			package = 963845622DA097D2009AD024 /* XCRemoteSwiftPackageReference "firebase-ios-sdk" */;
			productName = FirebaseMessaging;
		};
		963845892DA097D2009AD024 /* FirebasePerformance */ = {
			isa = XCSwiftPackageProductDependency;
			package = 963845622DA097D2009AD024 /* XCRemoteSwiftPackageReference "firebase-ios-sdk" */;
			productName = FirebasePerformance;
		};
		9638458B2DA097D2009AD024 /* FirebaseRemoteConfig */ = {
			isa = XCSwiftPackageProductDependency;
			package = 963845622DA097D2009AD024 /* XCRemoteSwiftPackageReference "firebase-ios-sdk" */;
			productName = FirebaseRemoteConfig;
		};
		9638458D2DA097D2009AD024 /* FirebaseStorage */ = {
			isa = XCSwiftPackageProductDependency;
			package = 963845622DA097D2009AD024 /* XCRemoteSwiftPackageReference "firebase-ios-sdk" */;
			productName = FirebaseStorage;
		};
		9638458F2DA097D2009AD024 /* FirebaseStorageCombine-Community */ = {
			isa = XCSwiftPackageProductDependency;
			package = 963845622DA097D2009AD024 /* XCRemoteSwiftPackageReference "firebase-ios-sdk" */;
			productName = "FirebaseStorageCombine-Community";
		};
		963845912DA097D2009AD024 /* FirebaseVertexAI */ = {
			isa = XCSwiftPackageProductDependency;
			package = 963845622DA097D2009AD024 /* XCRemoteSwiftPackageReference "firebase-ios-sdk" */;
			productName = FirebaseVertexAI;
		};
/* End XCSwiftPackageProductDependency section */
	};
	rootObject = 963843C02DA08A61009AD024 /* Project object */;
}
