// !$*UTF8*$!
{
	archiveVersion = 1;
	classes = {
	};
	objectVersion = 77;
	objects = {

/* Begin PBXBuildFile section */
		0F6C4083E727F2AE9B3BEC11 /* Pods_SaveToInvest_SaveToInvestUITests.framework in Frameworks */ = {isa = PBXBuildFile; fileRef = 5D862767B4F5444C62894822 /* Pods_SaveToInvest_SaveToInvestUITests.framework */; };
		9676F4142D848F8F004D9FDC /* FirebaseAnalytics in Frameworks */ = {isa = PBXBuildFile; productRef = 9676F4132D848F8F004D9FDC /* FirebaseAnalytics */; };
		9676F4162D848F8F004D9FDC /* FirebaseAnalyticsOnDeviceConversion in Frameworks */ = {isa = PBXBuildFile; productRef = 9676F4152D848F8F004D9FDC /* FirebaseAnalyticsOnDeviceConversion */; };
		9676F4182D848F8F004D9FDC /* FirebaseAnalyticsWithoutAdIdSupport in Frameworks */ = {isa = PBXBuildFile; productRef = 9676F4172D848F8F004D9FDC /* FirebaseAnalyticsWithoutAdIdSupport */; };
		9676F41A2D848F8F004D9FDC /* FirebaseAppCheck in Frameworks */ = {isa = PBXBuildFile; productRef = 9676F4192D848F8F004D9FDC /* FirebaseAppCheck */; };
		9676F41C2D848F8F004D9FDC /* FirebaseAppDistribution-Beta in Frameworks */ = {isa = PBXBuildFile; productRef = 9676F41B2D848F8F004D9FDC /* FirebaseAppDistribution-Beta */; };
		9676F41E2D848F8F004D9FDC /* FirebaseAuth in Frameworks */ = {isa = PBXBuildFile; productRef = 9676F41D2D848F8F004D9FDC /* FirebaseAuth */; };
		9676F4202D848F8F004D9FDC /* FirebaseAuthCombine-Community in Frameworks */ = {isa = PBXBuildFile; productRef = 9676F41F2D848F8F004D9FDC /* FirebaseAuthCombine-Community */; };
		9676F4222D848F8F004D9FDC /* FirebaseCore in Frameworks */ = {isa = PBXBuildFile; productRef = 9676F4212D848F8F004D9FDC /* FirebaseCore */; };
		9676F4242D848F8F004D9FDC /* FirebaseCrashlytics in Frameworks */ = {isa = PBXBuildFile; productRef = 9676F4232D848F8F004D9FDC /* FirebaseCrashlytics */; };
		9676F4262D848F8F004D9FDC /* FirebaseDatabase in Frameworks */ = {isa = PBXBuildFile; productRef = 9676F4252D848F8F004D9FDC /* FirebaseDatabase */; };
		9676F4282D848F8F004D9FDC /* FirebaseDynamicLinks in Frameworks */ = {isa = PBXBuildFile; productRef = 9676F4272D848F8F004D9FDC /* FirebaseDynamicLinks */; };
		9676F42A2D848F8F004D9FDC /* FirebaseFirestore in Frameworks */ = {isa = PBXBuildFile; productRef = 9676F4292D848F8F004D9FDC /* FirebaseFirestore */; };
		9676F42C2D848F8F004D9FDC /* FirebaseFirestoreCombine-Community in Frameworks */ = {isa = PBXBuildFile; productRef = 9676F42B2D848F8F004D9FDC /* FirebaseFirestoreCombine-Community */; };
		9676F42E2D848FA6004D9FDC /* FirebaseVertexAI in Frameworks */ = {isa = PBXBuildFile; productRef = 9676F42D2D848FA6004D9FDC /* FirebaseVertexAI */; };
		9676F4302D848FD9004D9FDC /* FirebaseFunctions in Frameworks */ = {isa = PBXBuildFile; productRef = 9676F42F2D848FD9004D9FDC /* FirebaseFunctions */; };
		9676F4322D848FD9004D9FDC /* FirebaseFunctionsCombine-Community in Frameworks */ = {isa = PBXBuildFile; productRef = 9676F4312D848FD9004D9FDC /* FirebaseFunctionsCombine-Community */; };
		9676F4342D848FD9004D9FDC /* FirebaseInAppMessaging-Beta in Frameworks */ = {isa = PBXBuildFile; productRef = 9676F4332D848FD9004D9FDC /* FirebaseInAppMessaging-Beta */; };
		9676F4362D848FD9004D9FDC /* FirebaseInstallations in Frameworks */ = {isa = PBXBuildFile; productRef = 9676F4352D848FD9004D9FDC /* FirebaseInstallations */; };
		9676F4382D848FD9004D9FDC /* FirebaseMLModelDownloader in Frameworks */ = {isa = PBXBuildFile; productRef = 9676F4372D848FD9004D9FDC /* FirebaseMLModelDownloader */; };
		9676F43A2D848FD9004D9FDC /* FirebaseMessaging in Frameworks */ = {isa = PBXBuildFile; productRef = 9676F4392D848FD9004D9FDC /* FirebaseMessaging */; };
		9676F43C2D848FD9004D9FDC /* FirebasePerformance in Frameworks */ = {isa = PBXBuildFile; productRef = 9676F43B2D848FD9004D9FDC /* FirebasePerformance */; };
		9676F43E2D848FD9004D9FDC /* FirebaseRemoteConfig in Frameworks */ = {isa = PBXBuildFile; productRef = 9676F43D2D848FD9004D9FDC /* FirebaseRemoteConfig */; };
		9676F4402D848FD9004D9FDC /* FirebaseStorage in Frameworks */ = {isa = PBXBuildFile; productRef = 9676F43F2D848FD9004D9FDC /* FirebaseStorage */; };
		9676F4422D848FD9004D9FDC /* FirebaseStorageCombine-Community in Frameworks */ = {isa = PBXBuildFile; productRef = 9676F4412D848FD9004D9FDC /* FirebaseStorageCombine-Community */; };
		D82BD37BD126B4A2D3D26D24 /* Pods_SaveToInvestTests.framework in Frameworks */ = {isa = PBXBuildFile; fileRef = BE2CE520E476FE960B52E762 /* Pods_SaveToInvestTests.framework */; };
		EB4CD0CDF7BAA189572885BC /* Pods_SaveToInvest.framework in Frameworks */ = {isa = PBXBuildFile; fileRef = FABF733A3ADD8B0EB772CF59 /* Pods_SaveToInvest.framework */; };
/* End PBXBuildFile section */

/* Begin PBXContainerItemProxy section */
		9687879B2D848E3A00A39FAE /* PBXContainerItemProxy */ = {
			isa = PBXContainerItemProxy;
			containerPortal = 968787822D848E3800A39FAE /* Project object */;
			proxyType = 1;
			remoteGlobalIDString = 968787892D848E3800A39FAE;
			remoteInfo = SaveToInvest;
		};
		968787A52D848E3A00A39FAE /* PBXContainerItemProxy */ = {
			isa = PBXContainerItemProxy;
			containerPortal = 968787822D848E3800A39FAE /* Project object */;
			proxyType = 1;
			remoteGlobalIDString = 968787892D848E3800A39FAE;
			remoteInfo = SaveToInvest;
		};
/* End PBXContainerItemProxy section */

/* Begin PBXFileReference section */
		4331FEDEEC20771B7349A85E /* Pods-SaveToInvest.release.xcconfig */ = {isa = PBXFileReference; includeInIndex = 1; lastKnownFileType = text.xcconfig; name = "Pods-SaveToInvest.release.xcconfig"; path = "Target Support Files/Pods-SaveToInvest/Pods-SaveToInvest.release.xcconfig"; sourceTree = "<group>"; };
		5D862767B4F5444C62894822 /* Pods_SaveToInvest_SaveToInvestUITests.framework */ = {isa = PBXFileReference; explicitFileType = wrapper.framework; includeInIndex = 0; path = Pods_SaveToInvest_SaveToInvestUITests.framework; sourceTree = BUILT_PRODUCTS_DIR; };
		65B176CF2578F5CB326670DA /* Pods-SaveToInvest.debug.xcconfig */ = {isa = PBXFileReference; includeInIndex = 1; lastKnownFileType = text.xcconfig; name = "Pods-SaveToInvest.debug.xcconfig"; path = "Target Support Files/Pods-SaveToInvest/Pods-SaveToInvest.debug.xcconfig"; sourceTree = "<group>"; };
		67C89D9A51D9AE5F70018EF2 /* Pods-SaveToInvestTests.release.xcconfig */ = {isa = PBXFileReference; includeInIndex = 1; lastKnownFileType = text.xcconfig; name = "Pods-SaveToInvestTests.release.xcconfig"; path = "Target Support Files/Pods-SaveToInvestTests/Pods-SaveToInvestTests.release.xcconfig"; sourceTree = "<group>"; };
		9687878A2D848E3800A39FAE /* SaveToInvest.app */ = {isa = PBXFileReference; explicitFileType = wrapper.application; includeInIndex = 0; path = SaveToInvest.app; sourceTree = BUILT_PRODUCTS_DIR; };
		9687879A2D848E3A00A39FAE /* SaveToInvestTests.xctest */ = {isa = PBXFileReference; explicitFileType = wrapper.cfbundle; includeInIndex = 0; path = SaveToInvestTests.xctest; sourceTree = BUILT_PRODUCTS_DIR; };
		968787A42D848E3A00A39FAE /* SaveToInvestUITests.xctest */ = {isa = PBXFileReference; explicitFileType = wrapper.cfbundle; includeInIndex = 0; path = SaveToInvestUITests.xctest; sourceTree = BUILT_PRODUCTS_DIR; };
		9D2E6A33D3DE69F28B98A8CC /* Pods-SaveToInvest-SaveToInvestUITests.debug.xcconfig */ = {isa = PBXFileReference; includeInIndex = 1; lastKnownFileType = text.xcconfig; name = "Pods-SaveToInvest-SaveToInvestUITests.debug.xcconfig"; path = "Target Support Files/Pods-SaveToInvest-SaveToInvestUITests/Pods-SaveToInvest-SaveToInvestUITests.debug.xcconfig"; sourceTree = "<group>"; };
		BE2CE520E476FE960B52E762 /* Pods_SaveToInvestTests.framework */ = {isa = PBXFileReference; explicitFileType = wrapper.framework; includeInIndex = 0; path = Pods_SaveToInvestTests.framework; sourceTree = BUILT_PRODUCTS_DIR; };
		D26892BD7FEBDC2D276B956F /* Pods-SaveToInvest-SaveToInvestUITests.release.xcconfig */ = {isa = PBXFileReference; includeInIndex = 1; lastKnownFileType = text.xcconfig; name = "Pods-SaveToInvest-SaveToInvestUITests.release.xcconfig"; path = "Target Support Files/Pods-SaveToInvest-SaveToInvestUITests/Pods-SaveToInvest-SaveToInvestUITests.release.xcconfig"; sourceTree = "<group>"; };
		FA5613CC7E4EF3CE7B4918C9 /* Pods-SaveToInvestTests.debug.xcconfig */ = {isa = PBXFileReference; includeInIndex = 1; lastKnownFileType = text.xcconfig; name = "Pods-SaveToInvestTests.debug.xcconfig"; path = "Target Support Files/Pods-SaveToInvestTests/Pods-SaveToInvestTests.debug.xcconfig"; sourceTree = "<group>"; };
		FABF733A3ADD8B0EB772CF59 /* Pods_SaveToInvest.framework */ = {isa = PBXFileReference; explicitFileType = wrapper.framework; includeInIndex = 0; path = Pods_SaveToInvest.framework; sourceTree = BUILT_PRODUCTS_DIR; };
/* End PBXFileReference section */

/* Begin PBXFileSystemSynchronizedRootGroup section */
		9687878C2D848E3800A39FAE /* SaveToInvest */ = {
			isa = PBXFileSystemSynchronizedRootGroup;
			path = SaveToInvest;
			sourceTree = "<group>";
		};
		9687879D2D848E3A00A39FAE /* SaveToInvestTests */ = {
			isa = PBXFileSystemSynchronizedRootGroup;
			path = SaveToInvestTests;
			sourceTree = "<group>";
		};
		968787A72D848E3A00A39FAE /* SaveToInvestUITests */ = {
			isa = PBXFileSystemSynchronizedRootGroup;
			path = SaveToInvestUITests;
			sourceTree = "<group>";
		};
/* End PBXFileSystemSynchronizedRootGroup section */

/* Begin PBXFrameworksBuildPhase section */
		968787872D848E3800A39FAE /* Frameworks */ = {
			isa = PBXFrameworksBuildPhase;
			buildActionMask = 2147483647;
			files = (
				9676F42C2D848F8F004D9FDC /* FirebaseFirestoreCombine-Community in Frameworks */,
				9676F4262D848F8F004D9FDC /* FirebaseDatabase in Frameworks */,
				9676F4282D848F8F004D9FDC /* FirebaseDynamicLinks in Frameworks */,
				9676F4362D848FD9004D9FDC /* FirebaseInstallations in Frameworks */,
				9676F41A2D848F8F004D9FDC /* FirebaseAppCheck in Frameworks */,
				9676F41E2D848F8F004D9FDC /* FirebaseAuth in Frameworks */,
				9676F4342D848FD9004D9FDC /* FirebaseInAppMessaging-Beta in Frameworks */,
				9676F4142D848F8F004D9FDC /* FirebaseAnalytics in Frameworks */,
				9676F42A2D848F8F004D9FDC /* FirebaseFirestore in Frameworks */,
				9676F4322D848FD9004D9FDC /* FirebaseFunctionsCombine-Community in Frameworks */,
				9676F4422D848FD9004D9FDC /* FirebaseStorageCombine-Community in Frameworks */,
				9676F41C2D848F8F004D9FDC /* FirebaseAppDistribution-Beta in Frameworks */,
				9676F4402D848FD9004D9FDC /* FirebaseStorage in Frameworks */,
				9676F43E2D848FD9004D9FDC /* FirebaseRemoteConfig in Frameworks */,
				9676F4182D848F8F004D9FDC /* FirebaseAnalyticsWithoutAdIdSupport in Frameworks */,
				9676F43A2D848FD9004D9FDC /* FirebaseMessaging in Frameworks */,
				9676F4382D848FD9004D9FDC /* FirebaseMLModelDownloader in Frameworks */,
				9676F43C2D848FD9004D9FDC /* FirebasePerformance in Frameworks */,
				9676F4202D848F8F004D9FDC /* FirebaseAuthCombine-Community in Frameworks */,
				9676F4242D848F8F004D9FDC /* FirebaseCrashlytics in Frameworks */,
				9676F42E2D848FA6004D9FDC /* FirebaseVertexAI in Frameworks */,
				9676F4302D848FD9004D9FDC /* FirebaseFunctions in Frameworks */,
				9676F4222D848F8F004D9FDC /* FirebaseCore in Frameworks */,
				9676F4162D848F8F004D9FDC /* FirebaseAnalyticsOnDeviceConversion in Frameworks */,
				EB4CD0CDF7BAA189572885BC /* Pods_SaveToInvest.framework in Frameworks */,
			);
			runOnlyForDeploymentPostprocessing = 0;
		};
		968787972D848E3A00A39FAE /* Frameworks */ = {
			isa = PBXFrameworksBuildPhase;
			buildActionMask = 2147483647;
			files = (
				D82BD37BD126B4A2D3D26D24 /* Pods_SaveToInvestTests.framework in Frameworks */,
			);
			runOnlyForDeploymentPostprocessing = 0;
		};
		968787A12D848E3A00A39FAE /* Frameworks */ = {
			isa = PBXFrameworksBuildPhase;
			buildActionMask = 2147483647;
			files = (
				0F6C4083E727F2AE9B3BEC11 /* Pods_SaveToInvest_SaveToInvestUITests.framework in Frameworks */,
			);
			runOnlyForDeploymentPostprocessing = 0;
		};
/* End PBXFrameworksBuildPhase section */

/* Begin PBXGroup section */
		259DD71E81721D60C172269C /* Frameworks */ = {
			isa = PBXGroup;
			children = (
				FABF733A3ADD8B0EB772CF59 /* Pods_SaveToInvest.framework */,
				5D862767B4F5444C62894822 /* Pods_SaveToInvest_SaveToInvestUITests.framework */,
				BE2CE520E476FE960B52E762 /* Pods_SaveToInvestTests.framework */,
			);
			name = Frameworks;
			sourceTree = "<group>";
		};
		2763744F38DEDD2214C7084D /* Pods */ = {
			isa = PBXGroup;
			children = (
				65B176CF2578F5CB326670DA /* Pods-SaveToInvest.debug.xcconfig */,
				4331FEDEEC20771B7349A85E /* Pods-SaveToInvest.release.xcconfig */,
				9D2E6A33D3DE69F28B98A8CC /* Pods-SaveToInvest-SaveToInvestUITests.debug.xcconfig */,
				D26892BD7FEBDC2D276B956F /* Pods-SaveToInvest-SaveToInvestUITests.release.xcconfig */,
				FA5613CC7E4EF3CE7B4918C9 /* Pods-SaveToInvestTests.debug.xcconfig */,
				67C89D9A51D9AE5F70018EF2 /* Pods-SaveToInvestTests.release.xcconfig */,
			);
			path = Pods;
			sourceTree = "<group>";
		};
		968787812D848E3800A39FAE = {
			isa = PBXGroup;
			children = (
				9687878C2D848E3800A39FAE /* SaveToInvest */,
				9687879D2D848E3A00A39FAE /* SaveToInvestTests */,
				968787A72D848E3A00A39FAE /* SaveToInvestUITests */,
				9687878B2D848E3800A39FAE /* Products */,
				2763744F38DEDD2214C7084D /* Pods */,
				259DD71E81721D60C172269C /* Frameworks */,
			);
			sourceTree = "<group>";
		};
		9687878B2D848E3800A39FAE /* Products */ = {
			isa = PBXGroup;
			children = (
				9687878A2D848E3800A39FAE /* SaveToInvest.app */,
				9687879A2D848E3A00A39FAE /* SaveToInvestTests.xctest */,
				968787A42D848E3A00A39FAE /* SaveToInvestUITests.xctest */,
			);
			name = Products;
			sourceTree = "<group>";
		};
/* End PBXGroup section */

/* Begin PBXNativeTarget section */
		968787892D848E3800A39FAE /* SaveToInvest */ = {
			isa = PBXNativeTarget;
			buildConfigurationList = 968787AE2D848E3A00A39FAE /* Build configuration list for PBXNativeTarget "SaveToInvest" */;
			buildPhases = (
				D13E0303752D26C6FFFA0262 /* [CP] Check Pods Manifest.lock */,
				968787862D848E3800A39FAE /* Sources */,
				968787872D848E3800A39FAE /* Frameworks */,
				968787882D848E3800A39FAE /* Resources */,
			);
			buildRules = (
			);
			dependencies = (
			);
			fileSystemSynchronizedGroups = (
				9687878C2D848E3800A39FAE /* SaveToInvest */,
			);
			name = SaveToInvest;
			packageProductDependencies = (
				9676F4132D848F8F004D9FDC /* FirebaseAnalytics */,
				9676F4152D848F8F004D9FDC /* FirebaseAnalyticsOnDeviceConversion */,
				9676F4172D848F8F004D9FDC /* FirebaseAnalyticsWithoutAdIdSupport */,
				9676F4192D848F8F004D9FDC /* FirebaseAppCheck */,
				9676F41B2D848F8F004D9FDC /* FirebaseAppDistribution-Beta */,
				9676F41D2D848F8F004D9FDC /* FirebaseAuth */,
				9676F41F2D848F8F004D9FDC /* FirebaseAuthCombine-Community */,
				9676F4212D848F8F004D9FDC /* FirebaseCore */,
				9676F4232D848F8F004D9FDC /* FirebaseCrashlytics */,
				9676F4252D848F8F004D9FDC /* FirebaseDatabase */,
				9676F4272D848F8F004D9FDC /* FirebaseDynamicLinks */,
				9676F4292D848F8F004D9FDC /* FirebaseFirestore */,
				9676F42B2D848F8F004D9FDC /* FirebaseFirestoreCombine-Community */,
				9676F42D2D848FA6004D9FDC /* FirebaseVertexAI */,
				9676F42F2D848FD9004D9FDC /* FirebaseFunctions */,
				9676F4312D848FD9004D9FDC /* FirebaseFunctionsCombine-Community */,
				9676F4332D848FD9004D9FDC /* FirebaseInAppMessaging-Beta */,
				9676F4352D848FD9004D9FDC /* FirebaseInstallations */,
				9676F4372D848FD9004D9FDC /* FirebaseMLModelDownloader */,
				9676F4392D848FD9004D9FDC /* FirebaseMessaging */,
				9676F43B2D848FD9004D9FDC /* FirebasePerformance */,
				9676F43D2D848FD9004D9FDC /* FirebaseRemoteConfig */,
				9676F43F2D848FD9004D9FDC /* FirebaseStorage */,
				9676F4412D848FD9004D9FDC /* FirebaseStorageCombine-Community */,
			);
			productName = SaveToInvest;
			productReference = 9687878A2D848E3800A39FAE /* SaveToInvest.app */;
			productType = "com.apple.product-type.application";
		};
		968787992D848E3A00A39FAE /* SaveToInvestTests */ = {
			isa = PBXNativeTarget;
			buildConfigurationList = 968787B12D848E3A00A39FAE /* Build configuration list for PBXNativeTarget "SaveToInvestTests" */;
			buildPhases = (
				7C4C455F01CF6CBA879E944C /* [CP] Check Pods Manifest.lock */,
				968787962D848E3A00A39FAE /* Sources */,
				968787972D848E3A00A39FAE /* Frameworks */,
				968787982D848E3A00A39FAE /* Resources */,
			);
			buildRules = (
			);
			dependencies = (
				9687879C2D848E3A00A39FAE /* PBXTargetDependency */,
			);
			fileSystemSynchronizedGroups = (
				9687879D2D848E3A00A39FAE /* SaveToInvestTests */,
			);
			name = SaveToInvestTests;
			productName = SaveToInvestTests;
			productReference = 9687879A2D848E3A00A39FAE /* SaveToInvestTests.xctest */;
			productType = "com.apple.product-type.bundle.unit-test";
		};
		968787A32D848E3A00A39FAE /* SaveToInvestUITests */ = {
			isa = PBXNativeTarget;
			buildConfigurationList = 968787B42D848E3A00A39FAE /* Build configuration list for PBXNativeTarget "SaveToInvestUITests" */;
			buildPhases = (
				C25E7B856E173DC8D71E3F66 /* [CP] Check Pods Manifest.lock */,
				968787A02D848E3A00A39FAE /* Sources */,
				968787A12D848E3A00A39FAE /* Frameworks */,
				968787A22D848E3A00A39FAE /* Resources */,
			);
			buildRules = (
			);
			dependencies = (
				968787A62D848E3A00A39FAE /* PBXTargetDependency */,
			);
			fileSystemSynchronizedGroups = (
				968787A72D848E3A00A39FAE /* SaveToInvestUITests */,
			);
			name = SaveToInvestUITests;
			productName = SaveToInvestUITests;
			productReference = 968787A42D848E3A00A39FAE /* SaveToInvestUITests.xctest */;
			productType = "com.apple.product-type.bundle.ui-testing";
		};
/* End PBXNativeTarget section */

/* Begin PBXProject section */
		968787822D848E3800A39FAE /* Project object */ = {
			isa = PBXProject;
			attributes = {
				BuildIndependentTargetsInParallel = 1;
				LastSwiftUpdateCheck = 1620;
				LastUpgradeCheck = 1620;
				TargetAttributes = {
					968787892D848E3800A39FAE = {
						CreatedOnToolsVersion = 16.2;
					};
					968787992D848E3A00A39FAE = {
						CreatedOnToolsVersion = 16.2;
						TestTargetID = 968787892D848E3800A39FAE;
					};
					968787A32D848E3A00A39FAE = {
						CreatedOnToolsVersion = 16.2;
						TestTargetID = 968787892D848E3800A39FAE;
					};
				};
			};
			buildConfigurationList = 968787852D848E3800A39FAE /* Build configuration list for PBXProject "SaveToInvest" */;
			developmentRegion = en;
			hasScannedForEncodings = 0;
			knownRegions = (
				en,
				Base,
			);
			mainGroup = 968787812D848E3800A39FAE;
			minimizedProjectReferenceProxies = 1;
			packageReferences = (
				9676F4122D848F8F004D9FDC /* XCRemoteSwiftPackageReference "firebase-ios-sdk" */,
			);
			preferredProjectObjectVersion = 77;
			productRefGroup = 9687878B2D848E3800A39FAE /* Products */;
			projectDirPath = "";
			projectRoot = "";
			targets = (
				968787892D848E3800A39FAE /* SaveToInvest */,
				968787992D848E3A00A39FAE /* SaveToInvestTests */,
				968787A32D848E3A00A39FAE /* SaveToInvestUITests */,
			);
		};
/* End PBXProject section */

/* Begin PBXResourcesBuildPhase section */
		968787882D848E3800A39FAE /* Resources */ = {
			isa = PBXResourcesBuildPhase;
			buildActionMask = 2147483647;
			files = (
			);
			runOnlyForDeploymentPostprocessing = 0;
		};
		968787982D848E3A00A39FAE /* Resources */ = {
			isa = PBXResourcesBuildPhase;
			buildActionMask = 2147483647;
			files = (
			);
			runOnlyForDeploymentPostprocessing = 0;
		};
		968787A22D848E3A00A39FAE /* Resources */ = {
			isa = PBXResourcesBuildPhase;
			buildActionMask = 2147483647;
			files = (
			);
			runOnlyForDeploymentPostprocessing = 0;
		};
/* End PBXResourcesBuildPhase section */

/* Begin PBXShellScriptBuildPhase section */
		7C4C455F01CF6CBA879E944C /* [CP] Check Pods Manifest.lock */ = {
			isa = PBXShellScriptBuildPhase;
			buildActionMask = 2147483647;
			files = (
			);
			inputFileListPaths = (
			);
			inputPaths = (
				"${PODS_PODFILE_DIR_PATH}/Podfile.lock",
				"${PODS_ROOT}/Manifest.lock",
			);
			name = "[CP] Check Pods Manifest.lock";
			outputFileListPaths = (
			);
			outputPaths = (
				"$(DERIVED_FILE_DIR)/Pods-SaveToInvestTests-checkManifestLockResult.txt",
			);
			runOnlyForDeploymentPostprocessing = 0;
			shellPath = /bin/sh;
			shellScript = "diff \"${PODS_PODFILE_DIR_PATH}/Podfile.lock\" \"${PODS_ROOT}/Manifest.lock\" > /dev/null\nif [ $? != 0 ] ; then\n    # print error to STDERR\n    echo \"error: The sandbox is not in sync with the Podfile.lock. Run 'pod install' or update your CocoaPods installation.\" >&2\n    exit 1\nfi\n# This output is used by Xcode 'outputs' to avoid re-running this script phase.\necho \"SUCCESS\" > \"${SCRIPT_OUTPUT_FILE_0}\"\n";
			showEnvVarsInLog = 0;
		};
		C25E7B856E173DC8D71E3F66 /* [CP] Check Pods Manifest.lock */ = {
			isa = PBXShellScriptBuildPhase;
			buildActionMask = 2147483647;
			files = (
			);
			inputFileListPaths = (
			);
			inputPaths = (
				"${PODS_PODFILE_DIR_PATH}/Podfile.lock",
				"${PODS_ROOT}/Manifest.lock",
			);
			name = "[CP] Check Pods Manifest.lock";
			outputFileListPaths = (
			);
			outputPaths = (
				"$(DERIVED_FILE_DIR)/Pods-SaveToInvest-SaveToInvestUITests-checkManifestLockResult.txt",
			);
			runOnlyForDeploymentPostprocessing = 0;
			shellPath = /bin/sh;
			shellScript = "diff \"${PODS_PODFILE_DIR_PATH}/Podfile.lock\" \"${PODS_ROOT}/Manifest.lock\" > /dev/null\nif [ $? != 0 ] ; then\n    # print error to STDERR\n    echo \"error: The sandbox is not in sync with the Podfile.lock. Run 'pod install' or update your CocoaPods installation.\" >&2\n    exit 1\nfi\n# This output is used by Xcode 'outputs' to avoid re-running this script phase.\necho \"SUCCESS\" > \"${SCRIPT_OUTPUT_FILE_0}\"\n";
			showEnvVarsInLog = 0;
		};
		D13E0303752D26C6FFFA0262 /* [CP] Check Pods Manifest.lock */ = {
			isa = PBXShellScriptBuildPhase;
			buildActionMask = 2147483647;
			files = (
			);
			inputFileListPaths = (
			);
			inputPaths = (
				"${PODS_PODFILE_DIR_PATH}/Podfile.lock",
				"${PODS_ROOT}/Manifest.lock",
			);
			name = "[CP] Check Pods Manifest.lock";
			outputFileListPaths = (
			);
			outputPaths = (
				"$(DERIVED_FILE_DIR)/Pods-SaveToInvest-checkManifestLockResult.txt",
			);
			runOnlyForDeploymentPostprocessing = 0;
			shellPath = /bin/sh;
			shellScript = "diff \"${PODS_PODFILE_DIR_PATH}/Podfile.lock\" \"${PODS_ROOT}/Manifest.lock\" > /dev/null\nif [ $? != 0 ] ; then\n    # print error to STDERR\n    echo \"error: The sandbox is not in sync with the Podfile.lock. Run 'pod install' or update your CocoaPods installation.\" >&2\n    exit 1\nfi\n# This output is used by Xcode 'outputs' to avoid re-running this script phase.\necho \"SUCCESS\" > \"${SCRIPT_OUTPUT_FILE_0}\"\n";
			showEnvVarsInLog = 0;
		};
/* End PBXShellScriptBuildPhase section */

/* Begin PBXSourcesBuildPhase section */
		968787862D848E3800A39FAE /* Sources */ = {
			isa = PBXSourcesBuildPhase;
			buildActionMask = 2147483647;
			files = (
			);
			runOnlyForDeploymentPostprocessing = 0;
		};
		968787962D848E3A00A39FAE /* Sources */ = {
			isa = PBXSourcesBuildPhase;
			buildActionMask = 2147483647;
			files = (
			);
			runOnlyForDeploymentPostprocessing = 0;
		};
		968787A02D848E3A00A39FAE /* Sources */ = {
			isa = PBXSourcesBuildPhase;
			buildActionMask = 2147483647;
			files = (
			);
			runOnlyForDeploymentPostprocessing = 0;
		};
/* End PBXSourcesBuildPhase section */

/* Begin PBXTargetDependency section */
		9687879C2D848E3A00A39FAE /* PBXTargetDependency */ = {
			isa = PBXTargetDependency;
			target = 968787892D848E3800A39FAE /* SaveToInvest */;
			targetProxy = 9687879B2D848E3A00A39FAE /* PBXContainerItemProxy */;
		};
		968787A62D848E3A00A39FAE /* PBXTargetDependency */ = {
			isa = PBXTargetDependency;
			target = 968787892D848E3800A39FAE /* SaveToInvest */;
			targetProxy = 968787A52D848E3A00A39FAE /* PBXContainerItemProxy */;
		};
/* End PBXTargetDependency section */

/* Begin XCBuildConfiguration section */
		968787AC2D848E3A00A39FAE /* Debug */ = {
			isa = XCBuildConfiguration;
			buildSettings = {
				ALWAYS_SEARCH_USER_PATHS = NO;
				ASSETCATALOG_COMPILER_GENERATE_SWIFT_ASSET_SYMBOL_EXTENSIONS = YES;
				CLANG_ANALYZER_NONNULL = YES;
				CLANG_ANALYZER_NUMBER_OBJECT_CONVERSION = YES_AGGRESSIVE;
				CLANG_CXX_LANGUAGE_STANDARD = "gnu++20";
				CLANG_ENABLE_MODULES = YES;
				CLANG_ENABLE_OBJC_ARC = YES;
				CLANG_ENABLE_OBJC_WEAK = YES;
				CLANG_WARN_BLOCK_CAPTURE_AUTORELEASING = YES;
				CLANG_WARN_BOOL_CONVERSION = YES;
				CLANG_WARN_COMMA = YES;
				CLANG_WARN_CONSTANT_CONVERSION = YES;
				CLANG_WARN_DEPRECATED_OBJC_IMPLEMENTATIONS = YES;
				CLANG_WARN_DIRECT_OBJC_ISA_USAGE = YES_ERROR;
				CLANG_WARN_DOCUMENTATION_COMMENTS = YES;
				CLANG_WARN_EMPTY_BODY = YES;
				CLANG_WARN_ENUM_CONVERSION = YES;
				CLANG_WARN_INFINITE_RECURSION = YES;
				CLANG_WARN_INT_CONVERSION = YES;
				CLANG_WARN_NON_LITERAL_NULL_CONVERSION = YES;
				CLANG_WARN_OBJC_IMPLICIT_RETAIN_SELF = YES;
				CLANG_WARN_OBJC_LITERAL_CONVERSION = YES;
				CLANG_WARN_OBJC_ROOT_CLASS = YES_ERROR;
				CLANG_WARN_QUOTED_INCLUDE_IN_FRAMEWORK_HEADER = YES;
				CLANG_WARN_RANGE_LOOP_ANALYSIS = YES;
				CLANG_WARN_STRICT_PROTOTYPES = YES;
				CLANG_WARN_SUSPICIOUS_MOVE = YES;
				CLANG_WARN_UNGUARDED_AVAILABILITY = YES_AGGRESSIVE;
				CLANG_WARN_UNREACHABLE_CODE = YES;
				CLANG_WARN__DUPLICATE_METHOD_MATCH = YES;
				COPY_PHASE_STRIP = NO;
				DEBUG_INFORMATION_FORMAT = dwarf;
				ENABLE_STRICT_OBJC_MSGSEND = YES;
				ENABLE_TESTABILITY = YES;
				ENABLE_USER_SCRIPT_SANDBOXING = YES;
				GCC_C_LANGUAGE_STANDARD = gnu17;
				GCC_DYNAMIC_NO_PIC = NO;
				GCC_NO_COMMON_BLOCKS = YES;
				GCC_OPTIMIZATION_LEVEL = 0;
				GCC_PREPROCESSOR_DEFINITIONS = (
					"DEBUG=1",
					"$(inherited)",
				);
				GCC_WARN_64_TO_32_BIT_CONVERSION = YES;
				GCC_WARN_ABOUT_RETURN_TYPE = YES_ERROR;
				GCC_WARN_UNDECLARED_SELECTOR = YES;
				GCC_WARN_UNINITIALIZED_AUTOS = YES_AGGRESSIVE;
				GCC_WARN_UNUSED_FUNCTION = YES;
				GCC_WARN_UNUSED_VARIABLE = YES;
				IPHONEOS_DEPLOYMENT_TARGET = 18.2;
				LOCALIZATION_PREFERS_STRING_CATALOGS = YES;
				MTL_ENABLE_DEBUG_INFO = INCLUDE_SOURCE;
				MTL_FAST_MATH = YES;
				ONLY_ACTIVE_ARCH = YES;
				SDKROOT = iphoneos;
				SWIFT_ACTIVE_COMPILATION_CONDITIONS = "DEBUG $(inherited)";
				SWIFT_OPTIMIZATION_LEVEL = "-Onone";
			};
			name = Debug;
		};
		968787AD2D848E3A00A39FAE /* Release */ = {
			isa = XCBuildConfiguration;
			buildSettings = {
				ALWAYS_SEARCH_USER_PATHS = NO;
				ASSETCATALOG_COMPILER_GENERATE_SWIFT_ASSET_SYMBOL_EXTENSIONS = YES;
				CLANG_ANALYZER_NONNULL = YES;
				CLANG_ANALYZER_NUMBER_OBJECT_CONVERSION = YES_AGGRESSIVE;
				CLANG_CXX_LANGUAGE_STANDARD = "gnu++20";
				CLANG_ENABLE_MODULES = YES;
				CLANG_ENABLE_OBJC_ARC = YES;
				CLANG_ENABLE_OBJC_WEAK = YES;
				CLANG_WARN_BLOCK_CAPTURE_AUTORELEASING = YES;
				CLANG_WARN_BOOL_CONVERSION = YES;
				CLANG_WARN_COMMA = YES;
				CLANG_WARN_CONSTANT_CONVERSION = YES;
				CLANG_WARN_DEPRECATED_OBJC_IMPLEMENTATIONS = YES;
				CLANG_WARN_DIRECT_OBJC_ISA_USAGE = YES_ERROR;
				CLANG_WARN_DOCUMENTATION_COMMENTS = YES;
				CLANG_WARN_EMPTY_BODY = YES;
				CLANG_WARN_ENUM_CONVERSION = YES;
				CLANG_WARN_INFINITE_RECURSION = YES;
				CLANG_WARN_INT_CONVERSION = YES;
				CLANG_WARN_NON_LITERAL_NULL_CONVERSION = YES;
				CLANG_WARN_OBJC_IMPLICIT_RETAIN_SELF = YES;
				CLANG_WARN_OBJC_LITERAL_CONVERSION = YES;
				CLANG_WARN_OBJC_ROOT_CLASS = YES_ERROR;
				CLANG_WARN_QUOTED_INCLUDE_IN_FRAMEWORK_HEADER = YES;
				CLANG_WARN_RANGE_LOOP_ANALYSIS = YES;
				CLANG_WARN_STRICT_PROTOTYPES = YES;
				CLANG_WARN_SUSPICIOUS_MOVE = YES;
				CLANG_WARN_UNGUARDED_AVAILABILITY = YES_AGGRESSIVE;
				CLANG_WARN_UNREACHABLE_CODE = YES;
				CLANG_WARN__DUPLICATE_METHOD_MATCH = YES;
				COPY_PHASE_STRIP = NO;
				DEBUG_INFORMATION_FORMAT = "dwarf-with-dsym";
				ENABLE_NS_ASSERTIONS = NO;
				ENABLE_STRICT_OBJC_MSGSEND = YES;
				ENABLE_USER_SCRIPT_SANDBOXING = YES;
				GCC_C_LANGUAGE_STANDARD = gnu17;
				GCC_NO_COMMON_BLOCKS = YES;
				GCC_WARN_64_TO_32_BIT_CONVERSION = YES;
				GCC_WARN_ABOUT_RETURN_TYPE = YES_ERROR;
				GCC_WARN_UNDECLARED_SELECTOR = YES;
				GCC_WARN_UNINITIALIZED_AUTOS = YES_AGGRESSIVE;
				GCC_WARN_UNUSED_FUNCTION = YES;
				GCC_WARN_UNUSED_VARIABLE = YES;
				IPHONEOS_DEPLOYMENT_TARGET = 18.2;
				LOCALIZATION_PREFERS_STRING_CATALOGS = YES;
				MTL_ENABLE_DEBUG_INFO = NO;
				MTL_FAST_MATH = YES;
				SDKROOT = iphoneos;
				SWIFT_COMPILATION_MODE = wholemodule;
				VALIDATE_PRODUCT = YES;
			};
			name = Release;
		};
		968787AF2D848E3A00A39FAE /* Debug */ = {
			isa = XCBuildConfiguration;
			baseConfigurationReference = 65B176CF2578F5CB326670DA /* Pods-SaveToInvest.debug.xcconfig */;
			buildSettings = {
				ASSETCATALOG_COMPILER_APPICON_NAME = AppIcon;
				ASSETCATALOG_COMPILER_GLOBAL_ACCENT_COLOR_NAME = AccentColor;
				CODE_SIGN_STYLE = Automatic;
				CURRENT_PROJECT_VERSION = 1;
				DEVELOPMENT_ASSET_PATHS = "\"SaveToInvest/Preview Content\"";
				DEVELOPMENT_TEAM = JQJV4B2959;
				ENABLE_PREVIEWS = YES;
				GENERATE_INFOPLIST_FILE = YES;
				INFOPLIST_KEY_UIApplicationSceneManifest_Generation = YES;
				INFOPLIST_KEY_UIApplicationSupportsIndirectInputEvents = YES;
				INFOPLIST_KEY_UILaunchScreen_Generation = YES;
				INFOPLIST_KEY_UISupportedInterfaceOrientations_iPad = "UIInterfaceOrientationPortrait UIInterfaceOrientationPortraitUpsideDown UIInterfaceOrientationLandscapeLeft UIInterfaceOrientationLandscapeRight";
				INFOPLIST_KEY_UISupportedInterfaceOrientations_iPhone = "UIInterfaceOrientationPortrait UIInterfaceOrientationLandscapeLeft UIInterfaceOrientationLandscapeRight";
				LD_RUNPATH_SEARCH_PATHS = (
					"$(inherited)",
					"@executable_path/Frameworks",
				);
				MARKETING_VERSION = 1.0;
				PRODUCT_BUNDLE_IDENTIFIER = Lin.SaveToInvest;
				PRODUCT_NAME = "$(TARGET_NAME)";
				SWIFT_EMIT_LOC_STRINGS = YES;
				SWIFT_VERSION = 5.0;
				TARGETED_DEVICE_FAMILY = "1,2";
			};
			name = Debug;
		};
		968787B02D848E3A00A39FAE /* Release */ = {
			isa = XCBuildConfiguration;
			baseConfigurationReference = 4331FEDEEC20771B7349A85E /* Pods-SaveToInvest.release.xcconfig */;
			buildSettings = {
				ASSETCATALOG_COMPILER_APPICON_NAME = AppIcon;
				ASSETCATALOG_COMPILER_GLOBAL_ACCENT_COLOR_NAME = AccentColor;
				CODE_SIGN_STYLE = Automatic;
				CURRENT_PROJECT_VERSION = 1;
				DEVELOPMENT_ASSET_PATHS = "\"SaveToInvest/Preview Content\"";
				DEVELOPMENT_TEAM = JQJV4B2959;
				ENABLE_PREVIEWS = YES;
				GENERATE_INFOPLIST_FILE = YES;
				INFOPLIST_KEY_UIApplicationSceneManifest_Generation = YES;
				INFOPLIST_KEY_UIApplicationSupportsIndirectInputEvents = YES;
				INFOPLIST_KEY_UILaunchScreen_Generation = YES;
				INFOPLIST_KEY_UISupportedInterfaceOrientations_iPad = "UIInterfaceOrientationPortrait UIInterfaceOrientationPortraitUpsideDown UIInterfaceOrientationLandscapeLeft UIInterfaceOrientationLandscapeRight";
				INFOPLIST_KEY_UISupportedInterfaceOrientations_iPhone = "UIInterfaceOrientationPortrait UIInterfaceOrientationLandscapeLeft UIInterfaceOrientationLandscapeRight";
				LD_RUNPATH_SEARCH_PATHS = (
					"$(inherited)",
					"@executable_path/Frameworks",
				);
				MARKETING_VERSION = 1.0;
				PRODUCT_BUNDLE_IDENTIFIER = Lin.SaveToInvest;
				PRODUCT_NAME = "$(TARGET_NAME)";
				SWIFT_EMIT_LOC_STRINGS = YES;
				SWIFT_VERSION = 5.0;
				TARGETED_DEVICE_FAMILY = "1,2";
			};
			name = Release;
		};
		968787B22D848E3A00A39FAE /* Debug */ = {
			isa = XCBuildConfiguration;
			baseConfigurationReference = FA5613CC7E4EF3CE7B4918C9 /* Pods-SaveToInvestTests.debug.xcconfig */;
			buildSettings = {
				BUNDLE_LOADER = "$(TEST_HOST)";
				CODE_SIGN_STYLE = Automatic;
				CURRENT_PROJECT_VERSION = 1;
				DEVELOPMENT_TEAM = JQJV4B2959;
				GENERATE_INFOPLIST_FILE = YES;
				IPHONEOS_DEPLOYMENT_TARGET = 18.2;
				MARKETING_VERSION = 1.0;
				PRODUCT_BUNDLE_IDENTIFIER = Lin.SaveToInvestTests;
				PRODUCT_NAME = "$(TARGET_NAME)";
				SWIFT_EMIT_LOC_STRINGS = NO;
				SWIFT_VERSION = 5.0;
				TARGETED_DEVICE_FAMILY = "1,2";
				TEST_HOST = "$(BUILT_PRODUCTS_DIR)/SaveToInvest.app/$(BUNDLE_EXECUTABLE_FOLDER_PATH)/SaveToInvest";
			};
			name = Debug;
		};
		968787B32D848E3A00A39FAE /* Release */ = {
			isa = XCBuildConfiguration;
			baseConfigurationReference = 67C89D9A51D9AE5F70018EF2 /* Pods-SaveToInvestTests.release.xcconfig */;
			buildSettings = {
				BUNDLE_LOADER = "$(TEST_HOST)";
				CODE_SIGN_STYLE = Automatic;
				CURRENT_PROJECT_VERSION = 1;
				DEVELOPMENT_TEAM = JQJV4B2959;
				GENERATE_INFOPLIST_FILE = YES;
				IPHONEOS_DEPLOYMENT_TARGET = 18.2;
				MARKETING_VERSION = 1.0;
				PRODUCT_BUNDLE_IDENTIFIER = Lin.SaveToInvestTests;
				PRODUCT_NAME = "$(TARGET_NAME)";
				SWIFT_EMIT_LOC_STRINGS = NO;
				SWIFT_VERSION = 5.0;
				TARGETED_DEVICE_FAMILY = "1,2";
				TEST_HOST = "$(BUILT_PRODUCTS_DIR)/SaveToInvest.app/$(BUNDLE_EXECUTABLE_FOLDER_PATH)/SaveToInvest";
			};
			name = Release;
		};
		968787B52D848E3A00A39FAE /* Debug */ = {
			isa = XCBuildConfiguration;
			baseConfigurationReference = 9D2E6A33D3DE69F28B98A8CC /* Pods-SaveToInvest-SaveToInvestUITests.debug.xcconfig */;
			buildSettings = {
				CODE_SIGN_STYLE = Automatic;
				CURRENT_PROJECT_VERSION = 1;
				DEVELOPMENT_TEAM = JQJV4B2959;
				GENERATE_INFOPLIST_FILE = YES;
				MARKETING_VERSION = 1.0;
				PRODUCT_BUNDLE_IDENTIFIER = Lin.SaveToInvestUITests;
				PRODUCT_NAME = "$(TARGET_NAME)";
				SWIFT_EMIT_LOC_STRINGS = NO;
				SWIFT_VERSION = 5.0;
				TARGETED_DEVICE_FAMILY = "1,2";
				TEST_TARGET_NAME = SaveToInvest;
			};
			name = Debug;
		};
		968787B62D848E3A00A39FAE /* Release */ = {
			isa = XCBuildConfiguration;
			baseConfigurationReference = D26892BD7FEBDC2D276B956F /* Pods-SaveToInvest-SaveToInvestUITests.release.xcconfig */;
			buildSettings = {
				CODE_SIGN_STYLE = Automatic;
				CURRENT_PROJECT_VERSION = 1;
				DEVELOPMENT_TEAM = JQJV4B2959;
				GENERATE_INFOPLIST_FILE = YES;
				MARKETING_VERSION = 1.0;
				PRODUCT_BUNDLE_IDENTIFIER = Lin.SaveToInvestUITests;
				PRODUCT_NAME = "$(TARGET_NAME)";
				SWIFT_EMIT_LOC_STRINGS = NO;
				SWIFT_VERSION = 5.0;
				TARGETED_DEVICE_FAMILY = "1,2";
				TEST_TARGET_NAME = SaveToInvest;
			};
			name = Release;
		};
/* End XCBuildConfiguration section */

/* Begin XCConfigurationList section */
		968787852D848E3800A39FAE /* Build configuration list for PBXProject "SaveToInvest" */ = {
			isa = XCConfigurationList;
			buildConfigurations = (
				968787AC2D848E3A00A39FAE /* Debug */,
				968787AD2D848E3A00A39FAE /* Release */,
			);
			defaultConfigurationIsVisible = 0;
			defaultConfigurationName = Release;
		};
		968787AE2D848E3A00A39FAE /* Build configuration list for PBXNativeTarget "SaveToInvest" */ = {
			isa = XCConfigurationList;
			buildConfigurations = (
				968787AF2D848E3A00A39FAE /* Debug */,
				968787B02D848E3A00A39FAE /* Release */,
			);
			defaultConfigurationIsVisible = 0;
			defaultConfigurationName = Release;
		};
		968787B12D848E3A00A39FAE /* Build configuration list for PBXNativeTarget "SaveToInvestTests" */ = {
			isa = XCConfigurationList;
			buildConfigurations = (
				968787B22D848E3A00A39FAE /* Debug */,
				968787B32D848E3A00A39FAE /* Release */,
			);
			defaultConfigurationIsVisible = 0;
			defaultConfigurationName = Release;
		};
		968787B42D848E3A00A39FAE /* Build configuration list for PBXNativeTarget "SaveToInvestUITests" */ = {
			isa = XCConfigurationList;
			buildConfigurations = (
				968787B52D848E3A00A39FAE /* Debug */,
				968787B62D848E3A00A39FAE /* Release */,
			);
			defaultConfigurationIsVisible = 0;
			defaultConfigurationName = Release;
		};
/* End XCConfigurationList section */

/* Begin XCRemoteSwiftPackageReference section */
		9676F4122D848F8F004D9FDC /* XCRemoteSwiftPackageReference "firebase-ios-sdk" */ = {
			isa = XCRemoteSwiftPackageReference;
			repositoryURL = "https://github.com/firebase/firebase-ios-sdk";
			requirement = {
				kind = upToNextMajorVersion;
				minimumVersion = 11.9.0;
			};
		};
/* End XCRemoteSwiftPackageReference section */

/* Begin XCSwiftPackageProductDependency section */
		9676F4132D848F8F004D9FDC /* FirebaseAnalytics */ = {
			isa = XCSwiftPackageProductDependency;
			package = 9676F4122D848F8F004D9FDC /* XCRemoteSwiftPackageReference "firebase-ios-sdk" */;
			productName = FirebaseAnalytics;
		};
		9676F4152D848F8F004D9FDC /* FirebaseAnalyticsOnDeviceConversion */ = {
			isa = XCSwiftPackageProductDependency;
			package = 9676F4122D848F8F004D9FDC /* XCRemoteSwiftPackageReference "firebase-ios-sdk" */;
			productName = FirebaseAnalyticsOnDeviceConversion;
		};
		9676F4172D848F8F004D9FDC /* FirebaseAnalyticsWithoutAdIdSupport */ = {
			isa = XCSwiftPackageProductDependency;
			package = 9676F4122D848F8F004D9FDC /* XCRemoteSwiftPackageReference "firebase-ios-sdk" */;
			productName = FirebaseAnalyticsWithoutAdIdSupport;
		};
		9676F4192D848F8F004D9FDC /* FirebaseAppCheck */ = {
			isa = XCSwiftPackageProductDependency;
			package = 9676F4122D848F8F004D9FDC /* XCRemoteSwiftPackageReference "firebase-ios-sdk" */;
			productName = FirebaseAppCheck;
		};
		9676F41B2D848F8F004D9FDC /* FirebaseAppDistribution-Beta */ = {
			isa = XCSwiftPackageProductDependency;
			package = 9676F4122D848F8F004D9FDC /* XCRemoteSwiftPackageReference "firebase-ios-sdk" */;
			productName = "FirebaseAppDistribution-Beta";
		};
		9676F41D2D848F8F004D9FDC /* FirebaseAuth */ = {
			isa = XCSwiftPackageProductDependency;
			package = 9676F4122D848F8F004D9FDC /* XCRemoteSwiftPackageReference "firebase-ios-sdk" */;
			productName = FirebaseAuth;
		};
		9676F41F2D848F8F004D9FDC /* FirebaseAuthCombine-Community */ = {
			isa = XCSwiftPackageProductDependency;
			package = 9676F4122D848F8F004D9FDC /* XCRemoteSwiftPackageReference "firebase-ios-sdk" */;
			productName = "FirebaseAuthCombine-Community";
		};
		9676F4212D848F8F004D9FDC /* FirebaseCore */ = {
			isa = XCSwiftPackageProductDependency;
			package = 9676F4122D848F8F004D9FDC /* XCRemoteSwiftPackageReference "firebase-ios-sdk" */;
			productName = FirebaseCore;
		};
		9676F4232D848F8F004D9FDC /* FirebaseCrashlytics */ = {
			isa = XCSwiftPackageProductDependency;
			package = 9676F4122D848F8F004D9FDC /* XCRemoteSwiftPackageReference "firebase-ios-sdk" */;
			productName = FirebaseCrashlytics;
		};
		9676F4252D848F8F004D9FDC /* FirebaseDatabase */ = {
			isa = XCSwiftPackageProductDependency;
			package = 9676F4122D848F8F004D9FDC /* XCRemoteSwiftPackageReference "firebase-ios-sdk" */;
			productName = FirebaseDatabase;
		};
		9676F4272D848F8F004D9FDC /* FirebaseDynamicLinks */ = {
			isa = XCSwiftPackageProductDependency;
			package = 9676F4122D848F8F004D9FDC /* XCRemoteSwiftPackageReference "firebase-ios-sdk" */;
			productName = FirebaseDynamicLinks;
		};
		9676F4292D848F8F004D9FDC /* FirebaseFirestore */ = {
			isa = XCSwiftPackageProductDependency;
			package = 9676F4122D848F8F004D9FDC /* XCRemoteSwiftPackageReference "firebase-ios-sdk" */;
			productName = FirebaseFirestore;
		};
		9676F42B2D848F8F004D9FDC /* FirebaseFirestoreCombine-Community */ = {
			isa = XCSwiftPackageProductDependency;
			package = 9676F4122D848F8F004D9FDC /* XCRemoteSwiftPackageReference "firebase-ios-sdk" */;
			productName = "FirebaseFirestoreCombine-Community";
		};
		9676F42D2D848FA6004D9FDC /* FirebaseVertexAI */ = {
			isa = XCSwiftPackageProductDependency;
			package = 9676F4122D848F8F004D9FDC /* XCRemoteSwiftPackageReference "firebase-ios-sdk" */;
			productName = FirebaseVertexAI;
		};
		9676F42F2D848FD9004D9FDC /* FirebaseFunctions */ = {
			isa = XCSwiftPackageProductDependency;
			package = 9676F4122D848F8F004D9FDC /* XCRemoteSwiftPackageReference "firebase-ios-sdk" */;
			productName = FirebaseFunctions;
		};
		9676F4312D848FD9004D9FDC /* FirebaseFunctionsCombine-Community */ = {
			isa = XCSwiftPackageProductDependency;
			package = 9676F4122D848F8F004D9FDC /* XCRemoteSwiftPackageReference "firebase-ios-sdk" */;
			productName = "FirebaseFunctionsCombine-Community";
		};
		9676F4332D848FD9004D9FDC /* FirebaseInAppMessaging-Beta */ = {
			isa = XCSwiftPackageProductDependency;
			package = 9676F4122D848F8F004D9FDC /* XCRemoteSwiftPackageReference "firebase-ios-sdk" */;
			productName = "FirebaseInAppMessaging-Beta";
		};
		9676F4352D848FD9004D9FDC /* FirebaseInstallations */ = {
			isa = XCSwiftPackageProductDependency;
			package = 9676F4122D848F8F004D9FDC /* XCRemoteSwiftPackageReference "firebase-ios-sdk" */;
			productName = FirebaseInstallations;
		};
		9676F4372D848FD9004D9FDC /* FirebaseMLModelDownloader */ = {
			isa = XCSwiftPackageProductDependency;
			package = 9676F4122D848F8F004D9FDC /* XCRemoteSwiftPackageReference "firebase-ios-sdk" */;
			productName = FirebaseMLModelDownloader;
		};
		9676F4392D848FD9004D9FDC /* FirebaseMessaging */ = {
			isa = XCSwiftPackageProductDependency;
			package = 9676F4122D848F8F004D9FDC /* XCRemoteSwiftPackageReference "firebase-ios-sdk" */;
			productName = FirebaseMessaging;
		};
		9676F43B2D848FD9004D9FDC /* FirebasePerformance */ = {
			isa = XCSwiftPackageProductDependency;
			package = 9676F4122D848F8F004D9FDC /* XCRemoteSwiftPackageReference "firebase-ios-sdk" */;
			productName = FirebasePerformance;
		};
		9676F43D2D848FD9004D9FDC /* FirebaseRemoteConfig */ = {
			isa = XCSwiftPackageProductDependency;
			package = 9676F4122D848F8F004D9FDC /* XCRemoteSwiftPackageReference "firebase-ios-sdk" */;
			productName = FirebaseRemoteConfig;
		};
		9676F43F2D848FD9004D9FDC /* FirebaseStorage */ = {
			isa = XCSwiftPackageProductDependency;
			package = 9676F4122D848F8F004D9FDC /* XCRemoteSwiftPackageReference "firebase-ios-sdk" */;
			productName = FirebaseStorage;
		};
		9676F4412D848FD9004D9FDC /* FirebaseStorageCombine-Community */ = {
			isa = XCSwiftPackageProductDependency;
			package = 9676F4122D848F8F004D9FDC /* XCRemoteSwiftPackageReference "firebase-ios-sdk" */;
			productName = "FirebaseStorageCombine-Community";
		};
/* End XCSwiftPackageProductDependency section */
	};
	rootObject = 968787822D848E3800A39FAE /* Project object */;
}
